// !$*UTF8*$!
{
	archiveVersion = 1;
	classes = {
	};
	objectVersion = 50;
	objects = {

/* Begin PBXBuildFile section */
		B71725E02160105000585459 /* AppDelegate.swift in Sources */ = {isa = PBXBuildFile; fileRef = B71725DF2160105000585459 /* AppDelegate.swift */; };
		B71725E22160105000585459 /* ChildrenViewController.swift in Sources */ = {isa = PBXBuildFile; fileRef = B71725E12160105000585459 /* ChildrenViewController.swift */; };
		B71725E52160105000585459 /* Main.storyboard in Resources */ = {isa = PBXBuildFile; fileRef = B71725E32160105000585459 /* Main.storyboard */; };
		B71725E72160105100585459 /* Assets.xcassets in Resources */ = {isa = PBXBuildFile; fileRef = B71725E62160105100585459 /* Assets.xcassets */; };
		B71725EA2160105100585459 /* LaunchScreen.storyboard in Resources */ = {isa = PBXBuildFile; fileRef = B71725E82160105100585459 /* LaunchScreen.storyboard */; };
		B71725F52160105200585459 /* ReddiXTests.swift in Sources */ = {isa = PBXBuildFile; fileRef = B71725F42160105200585459 /* ReddiXTests.swift */; };
		B717261C2160FBE800585459 /* RAPI.framework in Frameworks */ = {isa = PBXBuildFile; fileRef = B71726132160FBE700585459 /* RAPI.framework */; };
		B71726252160FBE800585459 /* RAPI.h in Headers */ = {isa = PBXBuildFile; fileRef = B71726152160FBE700585459 /* RAPI.h */; settings = {ATTRIBUTES = (Public, ); }; };
		B71726282160FBE800585459 /* RAPI.framework in Frameworks */ = {isa = PBXBuildFile; fileRef = B71726132160FBE700585459 /* RAPI.framework */; };
		B71726292160FBE800585459 /* RAPI.framework in Embed Frameworks */ = {isa = PBXBuildFile; fileRef = B71726132160FBE700585459 /* RAPI.framework */; settings = {ATTRIBUTES = (CodeSignOnCopy, RemoveHeadersOnCopy, ); }; };
		B71726312160FBF800585459 /* RAPI.swift in Sources */ = {isa = PBXBuildFile; fileRef = B71726002160136100585459 /* RAPI.swift */; };
		B71726322160FCFF00585459 /* Request.swift in Sources */ = {isa = PBXBuildFile; fileRef = B7172602216014A000585459 /* Request.swift */; };
		B71726342160FD0700585459 /* JSON.swift in Sources */ = {isa = PBXBuildFile; fileRef = B71726042160159400585459 /* JSON.swift */; };
		B71726392161124F00585459 /* Reddit.json in Resources */ = {isa = PBXBuildFile; fileRef = B71726382161124F00585459 /* Reddit.json */; };
		B717263B2161139200585459 /* Children.swift in Sources */ = {isa = PBXBuildFile; fileRef = B717263A2161139200585459 /* Children.swift */; };
		B717263C216114A100585459 /* RAPITests.swift in Sources */ = {isa = PBXBuildFile; fileRef = B71726222160FBE800585459 /* RAPITests.swift */; };
		B717263D21611C3600585459 /* OHHTTPStubs.framework in Frameworks */ = {isa = PBXBuildFile; fileRef = B71726362161122F00585459 /* OHHTTPStubs.framework */; };
		B717264F21611E9600585459 /* OHHTTPStubs.framework in Copy Frameworks */ = {isa = PBXBuildFile; fileRef = B717264E21611E9600585459 /* OHHTTPStubs.framework */; settings = {ATTRIBUTES = (CodeSignOnCopy, RemoveHeadersOnCopy, ); }; };
		B71726512161241800585459 /* Child.swift in Sources */ = {isa = PBXBuildFile; fileRef = B71726502161241800585459 /* Child.swift */; };
		B727D3BC2168034600CF39E6 /* ChildrenSearchBar.swift in Sources */ = {isa = PBXBuildFile; fileRef = B727D3BB2168034600CF39E6 /* ChildrenSearchBar.swift */; };
		B732BE6B216169930020CD7F /* UNI.framework in Frameworks */ = {isa = PBXBuildFile; fileRef = B732BE62216169930020CD7F /* UNI.framework */; };
		B732BE74216169930020CD7F /* UNI.h in Headers */ = {isa = PBXBuildFile; fileRef = B732BE64216169930020CD7F /* UNI.h */; settings = {ATTRIBUTES = (Public, ); }; };
		B732BE77216169930020CD7F /* UNI.framework in Frameworks */ = {isa = PBXBuildFile; fileRef = B732BE62216169930020CD7F /* UNI.framework */; };
		B732BE78216169930020CD7F /* UNI.framework in Embed Frameworks */ = {isa = PBXBuildFile; fileRef = B732BE62216169930020CD7F /* UNI.framework */; settings = {ATTRIBUTES = (CodeSignOnCopy, RemoveHeadersOnCopy, ); }; };
		B732BE8121616B550020CD7F /* ReSwift.framework in Frameworks */ = {isa = PBXBuildFile; fileRef = B732BE8021616B550020CD7F /* ReSwift.framework */; };
		B732BE8621616BBB0020CD7F /* AppState.swift in Sources */ = {isa = PBXBuildFile; fileRef = B732BE8521616BBB0020CD7F /* AppState.swift */; };
		B732BE8821616CCC0020CD7F /* ChildrenState.swift in Sources */ = {isa = PBXBuildFile; fileRef = B732BE8721616CCC0020CD7F /* ChildrenState.swift */; };
		B732BE8921616D4A0020CD7F /* RAPI.framework in Frameworks */ = {isa = PBXBuildFile; fileRef = B71726132160FBE700585459 /* RAPI.framework */; };
		B732BE8B21616E0E0020CD7F /* ChildrenReducer.swift in Sources */ = {isa = PBXBuildFile; fileRef = B732BE8A21616E0E0020CD7F /* ChildrenReducer.swift */; };
		B732BE8D21616E820020CD7F /* ChildrenActions.swift in Sources */ = {isa = PBXBuildFile; fileRef = B732BE8C21616E820020CD7F /* ChildrenActions.swift */; };
		B732BE90216170980020CD7F /* Store.swift in Sources */ = {isa = PBXBuildFile; fileRef = B732BE8F216170980020CD7F /* Store.swift */; };
		B732BE92216171B60020CD7F /* AppReducer.swift in Sources */ = {isa = PBXBuildFile; fileRef = B732BE91216171B60020CD7F /* AppReducer.swift */; };
		B75437D52163039100F85B66 /* Interface.storyboard in Resources */ = {isa = PBXBuildFile; fileRef = B75437D32163039100F85B66 /* Interface.storyboard */; };
		B75437D72163039300F85B66 /* Assets.xcassets in Resources */ = {isa = PBXBuildFile; fileRef = B75437D62163039300F85B66 /* Assets.xcassets */; };
		B75437DE2163039300F85B66 /* Watch Extension.appex in Embed App Extensions */ = {isa = PBXBuildFile; fileRef = B75437DD2163039300F85B66 /* Watch Extension.appex */; settings = {ATTRIBUTES = (RemoveHeadersOnCopy, ); }; };
		B75437E32163039300F85B66 /* InterfaceController.swift in Sources */ = {isa = PBXBuildFile; fileRef = B75437E22163039300F85B66 /* InterfaceController.swift */; };
		B75437E52163039300F85B66 /* ExtensionDelegate.swift in Sources */ = {isa = PBXBuildFile; fileRef = B75437E42163039300F85B66 /* ExtensionDelegate.swift */; };
		B75437E72163039300F85B66 /* Assets.xcassets in Resources */ = {isa = PBXBuildFile; fileRef = B75437E62163039300F85B66 /* Assets.xcassets */; };
		B75437EB2163039300F85B66 /* Watch.app in Embed Watch Content */ = {isa = PBXBuildFile; fileRef = B75437D12163039100F85B66 /* Watch.app */; };
		B7543803216303F600F85B66 /* RAPI.framework in Embed Frameworks */ = {isa = PBXBuildFile; fileRef = B75437FB216303F600F85B66 /* RAPI.framework */; settings = {ATTRIBUTES = (CodeSignOnCopy, RemoveHeadersOnCopy, ); }; };
		B75438082163040B00F85B66 /* Children.swift in Sources */ = {isa = PBXBuildFile; fileRef = B717263A2161139200585459 /* Children.swift */; };
		B75438092163040B00F85B66 /* JSON.swift in Sources */ = {isa = PBXBuildFile; fileRef = B71726042160159400585459 /* JSON.swift */; };
		B754380A2163040B00F85B66 /* Child.swift in Sources */ = {isa = PBXBuildFile; fileRef = B71726502161241800585459 /* Child.swift */; };
		B754380B2163040B00F85B66 /* RAPI.swift in Sources */ = {isa = PBXBuildFile; fileRef = B71726002160136100585459 /* RAPI.swift */; };
		B754380C2163040B00F85B66 /* Request.swift in Sources */ = {isa = PBXBuildFile; fileRef = B7172602216014A000585459 /* Request.swift */; };
		B754380D2163045100F85B66 /* RAPI.h in Headers */ = {isa = PBXBuildFile; fileRef = B71726152160FBE700585459 /* RAPI.h */; settings = {ATTRIBUTES = (Public, ); }; };
		B754381B2163049C00F85B66 /* UNI.framework in Embed Frameworks */ = {isa = PBXBuildFile; fileRef = B75438132163049C00F85B66 /* UNI.framework */; settings = {ATTRIBUTES = (CodeSignOnCopy, RemoveHeadersOnCopy, ); }; };
		B754381F216304ED00F85B66 /* UNI.h in Headers */ = {isa = PBXBuildFile; fileRef = B732BE64216169930020CD7F /* UNI.h */; settings = {ATTRIBUTES = (Public, ); }; };
		B75438202163050000F85B66 /* ChildrenActions.swift in Sources */ = {isa = PBXBuildFile; fileRef = B732BE8C21616E820020CD7F /* ChildrenActions.swift */; };
		B75438222163050000F85B66 /* LoggingMiddleware.swift in Sources */ = {isa = PBXBuildFile; fileRef = B7FD1D272161C1DA0066BCB2 /* LoggingMiddleware.swift */; };
		B75438232163050000F85B66 /* AppReducer.swift in Sources */ = {isa = PBXBuildFile; fileRef = B732BE91216171B60020CD7F /* AppReducer.swift */; };
		B75438242163050000F85B66 /* ChildrenReducer.swift in Sources */ = {isa = PBXBuildFile; fileRef = B732BE8A21616E0E0020CD7F /* ChildrenReducer.swift */; };
		B75438252163050000F85B66 /* AppState.swift in Sources */ = {isa = PBXBuildFile; fileRef = B732BE8521616BBB0020CD7F /* AppState.swift */; };
		B75438262163050000F85B66 /* ChildrenState.swift in Sources */ = {isa = PBXBuildFile; fileRef = B732BE8721616CCC0020CD7F /* ChildrenState.swift */; };
		B75438272163050000F85B66 /* Store.swift in Sources */ = {isa = PBXBuildFile; fileRef = B732BE8F216170980020CD7F /* Store.swift */; };
		B7543829216305AE00F85B66 /* RAPI.framework in Frameworks */ = {isa = PBXBuildFile; fileRef = B75437FB216303F600F85B66 /* RAPI.framework */; };
		B754382B216305BE00F85B66 /* ReSwift.framework in Frameworks */ = {isa = PBXBuildFile; fileRef = B754382A216305BE00F85B66 /* ReSwift.framework */; };
		B754382C2163063000F85B66 /* RAPI.framework in Frameworks */ = {isa = PBXBuildFile; fileRef = B75437FB216303F600F85B66 /* RAPI.framework */; };
		B754382D2163063000F85B66 /* UNI.framework in Frameworks */ = {isa = PBXBuildFile; fileRef = B75438132163049C00F85B66 /* UNI.framework */; };
		B754382E2163064600F85B66 /* ReSwift.framework in Frameworks */ = {isa = PBXBuildFile; fileRef = B754382A216305BE00F85B66 /* ReSwift.framework */; };
		B754383121630A2D00F85B66 /* ChildRow.swift in Sources */ = {isa = PBXBuildFile; fileRef = B754383021630A2D00F85B66 /* ChildRow.swift */; };
		B7ADC0512167AFD00090E3D2 /* MockStore.swift in Sources */ = {isa = PBXBuildFile; fileRef = B7ADC0502167AFD00090E3D2 /* MockStore.swift */; };
		B7ADC0532167BCCB0090E3D2 /* AppState+Extensions.swift in Sources */ = {isa = PBXBuildFile; fileRef = B7ADC0522167BCCB0090E3D2 /* AppState+Extensions.swift */; };
		B7DB9EB82167EE0500C447DE /* ChildrenTableView.swift in Sources */ = {isa = PBXBuildFile; fileRef = B7DB9EB72167EE0500C447DE /* ChildrenTableView.swift */; };
		B7FD1D282161C1DA0066BCB2 /* LoggingMiddleware.swift in Sources */ = {isa = PBXBuildFile; fileRef = B7FD1D272161C1DA0066BCB2 /* LoggingMiddleware.swift */; };
		B7FD1D292161C3B20066BCB2 /* ReSwift.framework in Frameworks */ = {isa = PBXBuildFile; fileRef = B732BE8021616B550020CD7F /* ReSwift.framework */; };
		C647B68D2163B3B70006C65A /* OHHTTPStubs.framework in Copy Frameworks */ = {isa = PBXBuildFile; fileRef = C647B68C2163B3B70006C65A /* OHHTTPStubs.framework */; settings = {ATTRIBUTES = (CodeSignOnCopy, RemoveHeadersOnCopy, ); }; };
		C647B68E2163B3E40006C65A /* Reddit.json in Resources */ = {isa = PBXBuildFile; fileRef = B71726382161124F00585459 /* Reddit.json */; };
		C647B6912163B41F0006C65A /* ChildrenActionsTests.swift in Sources */ = {isa = PBXBuildFile; fileRef = C647B6902163B41F0006C65A /* ChildrenActionsTests.swift */; };
		C647B6922163B47F0006C65A /* OHHTTPStubs.framework in Frameworks */ = {isa = PBXBuildFile; fileRef = C647B68C2163B3B70006C65A /* OHHTTPStubs.framework */; };
		C647B6942163BBBB0006C65A /* ChildrenOHHTTPStubs.swift in Sources */ = {isa = PBXBuildFile; fileRef = C647B6932163BBBB0006C65A /* ChildrenOHHTTPStubs.swift */; };
		C647B6952163BBC20006C65A /* ChildrenOHHTTPStubs.swift in Sources */ = {isa = PBXBuildFile; fileRef = C647B6932163BBBB0006C65A /* ChildrenOHHTTPStubs.swift */; };
		C647B6972163DFF90006C65A /* ExpectActionCreator.swift in Sources */ = {isa = PBXBuildFile; fileRef = C647B6962163DFF90006C65A /* ExpectActionCreator.swift */; };
		C647B6992163F3EE0006C65A /* JSON+Extensions.swift in Sources */ = {isa = PBXBuildFile; fileRef = C647B6982163F3EE0006C65A /* JSON+Extensions.swift */; };
		C647B69C2163F4000006C65A /* JSON+Extensions.swift in Sources */ = {isa = PBXBuildFile; fileRef = C647B6982163F3EE0006C65A /* JSON+Extensions.swift */; };
		C647B69E2163F4940006C65A /* BundleForClass.swift in Sources */ = {isa = PBXBuildFile; fileRef = C647B69D2163F4940006C65A /* BundleForClass.swift */; };
		C647B69F2163F4940006C65A /* BundleForClass.swift in Sources */ = {isa = PBXBuildFile; fileRef = C647B69D2163F4940006C65A /* BundleForClass.swift */; };
		C6E1984F2162C479007E43B5 /* ChildTableViewCell.swift in Sources */ = {isa = PBXBuildFile; fileRef = C6E1984E2162C479007E43B5 /* ChildTableViewCell.swift */; };
/* End PBXBuildFile section */

/* Begin PBXContainerItemProxy section */
		B71725F12160105200585459 /* PBXContainerItemProxy */ = {
			isa = PBXContainerItemProxy;
			containerPortal = B71725D42160105000585459 /* Project object */;
			proxyType = 1;
			remoteGlobalIDString = B71725DB2160105000585459;
			remoteInfo = ReddiX;
		};
		B717261D2160FBE800585459 /* PBXContainerItemProxy */ = {
			isa = PBXContainerItemProxy;
			containerPortal = B71725D42160105000585459 /* Project object */;
			proxyType = 1;
			remoteGlobalIDString = B71726122160FBE700585459;
			remoteInfo = RAPI;
		};
		B717261F2160FBE800585459 /* PBXContainerItemProxy */ = {
			isa = PBXContainerItemProxy;
			containerPortal = B71725D42160105000585459 /* Project object */;
			proxyType = 1;
			remoteGlobalIDString = B71725DB2160105000585459;
			remoteInfo = ReddiX;
		};
		B71726262160FBE800585459 /* PBXContainerItemProxy */ = {
			isa = PBXContainerItemProxy;
			containerPortal = B71725D42160105000585459 /* Project object */;
			proxyType = 1;
			remoteGlobalIDString = B71726122160FBE700585459;
			remoteInfo = RAPI;
		};
		B732BE6C216169930020CD7F /* PBXContainerItemProxy */ = {
			isa = PBXContainerItemProxy;
			containerPortal = B71725D42160105000585459 /* Project object */;
			proxyType = 1;
			remoteGlobalIDString = B732BE61216169930020CD7F;
			remoteInfo = UNI;
		};
		B732BE6E216169930020CD7F /* PBXContainerItemProxy */ = {
			isa = PBXContainerItemProxy;
			containerPortal = B71725D42160105000585459 /* Project object */;
			proxyType = 1;
			remoteGlobalIDString = B71725DB2160105000585459;
			remoteInfo = ReddiX;
		};
		B732BE75216169930020CD7F /* PBXContainerItemProxy */ = {
			isa = PBXContainerItemProxy;
			containerPortal = B71725D42160105000585459 /* Project object */;
			proxyType = 1;
			remoteGlobalIDString = B732BE61216169930020CD7F;
			remoteInfo = UNI;
		};
		B75437DF2163039300F85B66 /* PBXContainerItemProxy */ = {
			isa = PBXContainerItemProxy;
			containerPortal = B71725D42160105000585459 /* Project object */;
			proxyType = 1;
			remoteGlobalIDString = B75437DC2163039300F85B66;
			remoteInfo = "Watch Extension";
		};
		B75437E92163039300F85B66 /* PBXContainerItemProxy */ = {
			isa = PBXContainerItemProxy;
			containerPortal = B71725D42160105000585459 /* Project object */;
			proxyType = 1;
			remoteGlobalIDString = B75437D02163039100F85B66;
			remoteInfo = Watch;
		};
		B7543800216303F600F85B66 /* PBXContainerItemProxy */ = {
			isa = PBXContainerItemProxy;
			containerPortal = B71725D42160105000585459 /* Project object */;
			proxyType = 1;
			remoteGlobalIDString = B75437FA216303F600F85B66;
			remoteInfo = "RAPI-watchOS";
		};
		B75438182163049C00F85B66 /* PBXContainerItemProxy */ = {
			isa = PBXContainerItemProxy;
			containerPortal = B71725D42160105000585459 /* Project object */;
			proxyType = 1;
			remoteGlobalIDString = B75438122163049C00F85B66;
			remoteInfo = "UNI-watchOS";
		};
/* End PBXContainerItemProxy section */

/* Begin PBXCopyFilesBuildPhase section */
		B717262D2160FBE800585459 /* Embed Frameworks */ = {
			isa = PBXCopyFilesBuildPhase;
			buildActionMask = 2147483647;
			dstPath = "";
			dstSubfolderSpec = 10;
			files = (
				B71726292160FBE800585459 /* RAPI.framework in Embed Frameworks */,
				B732BE78216169930020CD7F /* UNI.framework in Embed Frameworks */,
			);
			name = "Embed Frameworks";
			runOnlyForDeploymentPostprocessing = 0;
		};
		B717263E21611C6100585459 /* Copy Frameworks */ = {
			isa = PBXCopyFilesBuildPhase;
			buildActionMask = 2147483647;
			dstPath = "";
			dstSubfolderSpec = 10;
			files = (
				B717264F21611E9600585459 /* OHHTTPStubs.framework in Copy Frameworks */,
			);
			name = "Copy Frameworks";
			runOnlyForDeploymentPostprocessing = 0;
		};
		B75437F12163039300F85B66 /* Embed App Extensions */ = {
			isa = PBXCopyFilesBuildPhase;
			buildActionMask = 2147483647;
			dstPath = "";
			dstSubfolderSpec = 13;
			files = (
				B75437DE2163039300F85B66 /* Watch Extension.appex in Embed App Extensions */,
			);
			name = "Embed App Extensions";
			runOnlyForDeploymentPostprocessing = 0;
		};
		B75437F32163039300F85B66 /* Embed Watch Content */ = {
			isa = PBXCopyFilesBuildPhase;
			buildActionMask = 2147483647;
			dstPath = "$(CONTENTS_FOLDER_PATH)/Watch";
			dstSubfolderSpec = 16;
			files = (
				B75437EB2163039300F85B66 /* Watch.app in Embed Watch Content */,
			);
			name = "Embed Watch Content";
			runOnlyForDeploymentPostprocessing = 0;
		};
		B7543807216303F600F85B66 /* Embed Frameworks */ = {
			isa = PBXCopyFilesBuildPhase;
			buildActionMask = 2147483647;
			dstPath = "";
			dstSubfolderSpec = 10;
			files = (
				B7543803216303F600F85B66 /* RAPI.framework in Embed Frameworks */,
				B754381B2163049C00F85B66 /* UNI.framework in Embed Frameworks */,
			);
			name = "Embed Frameworks";
			runOnlyForDeploymentPostprocessing = 0;
		};
		C647B68B2163B36A0006C65A /* Copy Frameworks */ = {
			isa = PBXCopyFilesBuildPhase;
			buildActionMask = 2147483647;
			dstPath = "";
			dstSubfolderSpec = 10;
			files = (
				C647B68D2163B3B70006C65A /* OHHTTPStubs.framework in Copy Frameworks */,
			);
			name = "Copy Frameworks";
			runOnlyForDeploymentPostprocessing = 0;
		};
/* End PBXCopyFilesBuildPhase section */

/* Begin PBXFileReference section */
		B71725DC2160105000585459 /* ReddiX.app */ = {isa = PBXFileReference; explicitFileType = wrapper.application; includeInIndex = 0; path = ReddiX.app; sourceTree = BUILT_PRODUCTS_DIR; };
		B71725DF2160105000585459 /* AppDelegate.swift */ = {isa = PBXFileReference; lastKnownFileType = sourcecode.swift; path = AppDelegate.swift; sourceTree = "<group>"; };
		B71725E12160105000585459 /* ChildrenViewController.swift */ = {isa = PBXFileReference; lastKnownFileType = sourcecode.swift; path = ChildrenViewController.swift; sourceTree = "<group>"; };
		B71725E42160105000585459 /* Base */ = {isa = PBXFileReference; lastKnownFileType = file.storyboard; name = Base; path = Base.lproj/Main.storyboard; sourceTree = "<group>"; };
		B71725E62160105100585459 /* Assets.xcassets */ = {isa = PBXFileReference; lastKnownFileType = folder.assetcatalog; path = Assets.xcassets; sourceTree = "<group>"; };
		B71725E92160105100585459 /* Base */ = {isa = PBXFileReference; lastKnownFileType = file.storyboard; name = Base; path = Base.lproj/LaunchScreen.storyboard; sourceTree = "<group>"; };
		B71725EB2160105100585459 /* Info.plist */ = {isa = PBXFileReference; lastKnownFileType = text.plist.xml; path = Info.plist; sourceTree = "<group>"; };
		B71725F02160105200585459 /* ReddiXTests.xctest */ = {isa = PBXFileReference; explicitFileType = wrapper.cfbundle; includeInIndex = 0; path = ReddiXTests.xctest; sourceTree = BUILT_PRODUCTS_DIR; };
		B71725F42160105200585459 /* ReddiXTests.swift */ = {isa = PBXFileReference; lastKnownFileType = sourcecode.swift; path = ReddiXTests.swift; sourceTree = "<group>"; };
		B71725F62160105200585459 /* Info.plist */ = {isa = PBXFileReference; lastKnownFileType = text.plist.xml; path = Info.plist; sourceTree = "<group>"; };
		B71726002160136100585459 /* RAPI.swift */ = {isa = PBXFileReference; lastKnownFileType = sourcecode.swift; path = RAPI.swift; sourceTree = "<group>"; };
		B7172602216014A000585459 /* Request.swift */ = {isa = PBXFileReference; lastKnownFileType = sourcecode.swift; path = Request.swift; sourceTree = "<group>"; };
		B71726042160159400585459 /* JSON.swift */ = {isa = PBXFileReference; lastKnownFileType = sourcecode.swift; path = JSON.swift; sourceTree = "<group>"; };
		B71726132160FBE700585459 /* RAPI.framework */ = {isa = PBXFileReference; explicitFileType = wrapper.framework; includeInIndex = 0; path = RAPI.framework; sourceTree = BUILT_PRODUCTS_DIR; };
		B71726152160FBE700585459 /* RAPI.h */ = {isa = PBXFileReference; lastKnownFileType = sourcecode.c.h; path = RAPI.h; sourceTree = "<group>"; };
		B71726162160FBE700585459 /* Info.plist */ = {isa = PBXFileReference; lastKnownFileType = text.plist.xml; path = Info.plist; sourceTree = "<group>"; };
		B717261B2160FBE800585459 /* RAPITests.xctest */ = {isa = PBXFileReference; explicitFileType = wrapper.cfbundle; includeInIndex = 0; path = RAPITests.xctest; sourceTree = BUILT_PRODUCTS_DIR; };
		B71726222160FBE800585459 /* RAPITests.swift */ = {isa = PBXFileReference; lastKnownFileType = sourcecode.swift; path = RAPITests.swift; sourceTree = "<group>"; };
		B71726242160FBE800585459 /* Info.plist */ = {isa = PBXFileReference; lastKnownFileType = text.plist.xml; path = Info.plist; sourceTree = "<group>"; };
		B71726362161122F00585459 /* OHHTTPStubs.framework */ = {isa = PBXFileReference; lastKnownFileType = wrapper.framework; name = OHHTTPStubs.framework; path = Carthage/Build/iOS/OHHTTPStubs.framework; sourceTree = "<group>"; };
		B71726382161124F00585459 /* Reddit.json */ = {isa = PBXFileReference; lastKnownFileType = text.json; path = Reddit.json; sourceTree = "<group>"; };
		B717263A2161139200585459 /* Children.swift */ = {isa = PBXFileReference; lastKnownFileType = sourcecode.swift; path = Children.swift; sourceTree = "<group>"; };
		B717264E21611E9600585459 /* OHHTTPStubs.framework */ = {isa = PBXFileReference; lastKnownFileType = wrapper.framework; path = OHHTTPStubs.framework; sourceTree = "<group>"; };
		B71726502161241800585459 /* Child.swift */ = {isa = PBXFileReference; lastKnownFileType = sourcecode.swift; path = Child.swift; sourceTree = "<group>"; };
		B727D3BB2168034600CF39E6 /* ChildrenSearchBar.swift */ = {isa = PBXFileReference; lastKnownFileType = sourcecode.swift; path = ChildrenSearchBar.swift; sourceTree = "<group>"; };
		B732BE62216169930020CD7F /* UNI.framework */ = {isa = PBXFileReference; explicitFileType = wrapper.framework; includeInIndex = 0; path = UNI.framework; sourceTree = BUILT_PRODUCTS_DIR; };
		B732BE64216169930020CD7F /* UNI.h */ = {isa = PBXFileReference; lastKnownFileType = sourcecode.c.h; path = UNI.h; sourceTree = "<group>"; };
		B732BE65216169930020CD7F /* Info.plist */ = {isa = PBXFileReference; lastKnownFileType = text.plist.xml; path = Info.plist; sourceTree = "<group>"; };
		B732BE6A216169930020CD7F /* UNITests.xctest */ = {isa = PBXFileReference; explicitFileType = wrapper.cfbundle; includeInIndex = 0; path = UNITests.xctest; sourceTree = BUILT_PRODUCTS_DIR; };
		B732BE73216169930020CD7F /* Info.plist */ = {isa = PBXFileReference; lastKnownFileType = text.plist.xml; path = Info.plist; sourceTree = "<group>"; };
		B732BE8021616B550020CD7F /* ReSwift.framework */ = {isa = PBXFileReference; lastKnownFileType = wrapper.framework; name = ReSwift.framework; path = Carthage/Build/iOS/ReSwift.framework; sourceTree = "<group>"; };
		B732BE8521616BBB0020CD7F /* AppState.swift */ = {isa = PBXFileReference; lastKnownFileType = sourcecode.swift; path = AppState.swift; sourceTree = "<group>"; };
		B732BE8721616CCC0020CD7F /* ChildrenState.swift */ = {isa = PBXFileReference; lastKnownFileType = sourcecode.swift; path = ChildrenState.swift; sourceTree = "<group>"; };
		B732BE8A21616E0E0020CD7F /* ChildrenReducer.swift */ = {isa = PBXFileReference; lastKnownFileType = sourcecode.swift; path = ChildrenReducer.swift; sourceTree = "<group>"; };
		B732BE8C21616E820020CD7F /* ChildrenActions.swift */ = {isa = PBXFileReference; lastKnownFileType = sourcecode.swift; path = ChildrenActions.swift; sourceTree = "<group>"; };
		B732BE8F216170980020CD7F /* Store.swift */ = {isa = PBXFileReference; lastKnownFileType = sourcecode.swift; path = Store.swift; sourceTree = "<group>"; };
		B732BE91216171B60020CD7F /* AppReducer.swift */ = {isa = PBXFileReference; lastKnownFileType = sourcecode.swift; path = AppReducer.swift; sourceTree = "<group>"; };
		B75437D12163039100F85B66 /* Watch.app */ = {isa = PBXFileReference; explicitFileType = wrapper.application; includeInIndex = 0; path = Watch.app; sourceTree = BUILT_PRODUCTS_DIR; };
		B75437D42163039100F85B66 /* Base */ = {isa = PBXFileReference; lastKnownFileType = file.storyboard; name = Base; path = Base.lproj/Interface.storyboard; sourceTree = "<group>"; };
		B75437D62163039300F85B66 /* Assets.xcassets */ = {isa = PBXFileReference; lastKnownFileType = folder.assetcatalog; path = Assets.xcassets; sourceTree = "<group>"; };
		B75437D82163039300F85B66 /* Info.plist */ = {isa = PBXFileReference; lastKnownFileType = text.plist.xml; path = Info.plist; sourceTree = "<group>"; };
		B75437DD2163039300F85B66 /* Watch Extension.appex */ = {isa = PBXFileReference; explicitFileType = "wrapper.app-extension"; includeInIndex = 0; path = "Watch Extension.appex"; sourceTree = BUILT_PRODUCTS_DIR; };
		B75437E22163039300F85B66 /* InterfaceController.swift */ = {isa = PBXFileReference; lastKnownFileType = sourcecode.swift; path = InterfaceController.swift; sourceTree = "<group>"; };
		B75437E42163039300F85B66 /* ExtensionDelegate.swift */ = {isa = PBXFileReference; lastKnownFileType = sourcecode.swift; path = ExtensionDelegate.swift; sourceTree = "<group>"; };
		B75437E62163039300F85B66 /* Assets.xcassets */ = {isa = PBXFileReference; lastKnownFileType = folder.assetcatalog; path = Assets.xcassets; sourceTree = "<group>"; };
		B75437E82163039300F85B66 /* Info.plist */ = {isa = PBXFileReference; lastKnownFileType = text.plist.xml; path = Info.plist; sourceTree = "<group>"; };
		B75437FB216303F600F85B66 /* RAPI.framework */ = {isa = PBXFileReference; explicitFileType = wrapper.framework; includeInIndex = 0; path = RAPI.framework; sourceTree = BUILT_PRODUCTS_DIR; };
		B75438132163049C00F85B66 /* UNI.framework */ = {isa = PBXFileReference; explicitFileType = wrapper.framework; includeInIndex = 0; path = UNI.framework; sourceTree = BUILT_PRODUCTS_DIR; };
		B754382A216305BE00F85B66 /* ReSwift.framework */ = {isa = PBXFileReference; lastKnownFileType = wrapper.framework; name = ReSwift.framework; path = Carthage/Build/watchOS/ReSwift.framework; sourceTree = "<group>"; };
		B754383021630A2D00F85B66 /* ChildRow.swift */ = {isa = PBXFileReference; lastKnownFileType = sourcecode.swift; path = ChildRow.swift; sourceTree = "<group>"; };
		B7ADC0502167AFD00090E3D2 /* MockStore.swift */ = {isa = PBXFileReference; lastKnownFileType = sourcecode.swift; path = MockStore.swift; sourceTree = "<group>"; };
		B7ADC0522167BCCB0090E3D2 /* AppState+Extensions.swift */ = {isa = PBXFileReference; lastKnownFileType = sourcecode.swift; path = "AppState+Extensions.swift"; sourceTree = "<group>"; };
		B7DB9EB72167EE0500C447DE /* ChildrenTableView.swift */ = {isa = PBXFileReference; lastKnownFileType = sourcecode.swift; path = ChildrenTableView.swift; sourceTree = "<group>"; };
		B7FD1D272161C1DA0066BCB2 /* LoggingMiddleware.swift */ = {isa = PBXFileReference; lastKnownFileType = sourcecode.swift; path = LoggingMiddleware.swift; sourceTree = "<group>"; };
		C647B68C2163B3B70006C65A /* OHHTTPStubs.framework */ = {isa = PBXFileReference; lastKnownFileType = wrapper.framework; path = OHHTTPStubs.framework; sourceTree = "<group>"; };
		C647B6902163B41F0006C65A /* ChildrenActionsTests.swift */ = {isa = PBXFileReference; lastKnownFileType = sourcecode.swift; path = ChildrenActionsTests.swift; sourceTree = "<group>"; };
		C647B6932163BBBB0006C65A /* ChildrenOHHTTPStubs.swift */ = {isa = PBXFileReference; lastKnownFileType = sourcecode.swift; path = ChildrenOHHTTPStubs.swift; sourceTree = "<group>"; };
		C647B6962163DFF90006C65A /* ExpectActionCreator.swift */ = {isa = PBXFileReference; lastKnownFileType = sourcecode.swift; path = ExpectActionCreator.swift; sourceTree = "<group>"; };
		C647B6982163F3EE0006C65A /* JSON+Extensions.swift */ = {isa = PBXFileReference; lastKnownFileType = sourcecode.swift; path = "JSON+Extensions.swift"; sourceTree = "<group>"; };
		C647B69D2163F4940006C65A /* BundleForClass.swift */ = {isa = PBXFileReference; lastKnownFileType = sourcecode.swift; path = BundleForClass.swift; sourceTree = "<group>"; };
		C6E1984E2162C479007E43B5 /* ChildTableViewCell.swift */ = {isa = PBXFileReference; lastKnownFileType = sourcecode.swift; path = ChildTableViewCell.swift; sourceTree = "<group>"; };
/* End PBXFileReference section */

/* Begin PBXFrameworksBuildPhase section */
		B71725D92160105000585459 /* Frameworks */ = {
			isa = PBXFrameworksBuildPhase;
			buildActionMask = 2147483647;
			files = (
				B71726282160FBE800585459 /* RAPI.framework in Frameworks */,
				B7FD1D292161C3B20066BCB2 /* ReSwift.framework in Frameworks */,
				B732BE77216169930020CD7F /* UNI.framework in Frameworks */,
			);
			runOnlyForDeploymentPostprocessing = 0;
		};
		B71725ED2160105200585459 /* Frameworks */ = {
			isa = PBXFrameworksBuildPhase;
			buildActionMask = 2147483647;
			files = (
			);
			runOnlyForDeploymentPostprocessing = 0;
		};
		B71726102160FBE700585459 /* Frameworks */ = {
			isa = PBXFrameworksBuildPhase;
			buildActionMask = 2147483647;
			files = (
			);
			runOnlyForDeploymentPostprocessing = 0;
		};
		B71726182160FBE800585459 /* Frameworks */ = {
			isa = PBXFrameworksBuildPhase;
			buildActionMask = 2147483647;
			files = (
				B717263D21611C3600585459 /* OHHTTPStubs.framework in Frameworks */,
				B717261C2160FBE800585459 /* RAPI.framework in Frameworks */,
			);
			runOnlyForDeploymentPostprocessing = 0;
		};
		B732BE5F216169930020CD7F /* Frameworks */ = {
			isa = PBXFrameworksBuildPhase;
			buildActionMask = 2147483647;
			files = (
				B732BE8921616D4A0020CD7F /* RAPI.framework in Frameworks */,
				B732BE8121616B550020CD7F /* ReSwift.framework in Frameworks */,
			);
			runOnlyForDeploymentPostprocessing = 0;
		};
		B732BE67216169930020CD7F /* Frameworks */ = {
			isa = PBXFrameworksBuildPhase;
			buildActionMask = 2147483647;
			files = (
				C647B6922163B47F0006C65A /* OHHTTPStubs.framework in Frameworks */,
				B732BE6B216169930020CD7F /* UNI.framework in Frameworks */,
			);
			runOnlyForDeploymentPostprocessing = 0;
		};
		B75437DA2163039300F85B66 /* Frameworks */ = {
			isa = PBXFrameworksBuildPhase;
			buildActionMask = 2147483647;
			files = (
				B754382E2163064600F85B66 /* ReSwift.framework in Frameworks */,
				B754382C2163063000F85B66 /* RAPI.framework in Frameworks */,
				B754382D2163063000F85B66 /* UNI.framework in Frameworks */,
			);
			runOnlyForDeploymentPostprocessing = 0;
		};
		B75437F8216303F600F85B66 /* Frameworks */ = {
			isa = PBXFrameworksBuildPhase;
			buildActionMask = 2147483647;
			files = (
			);
			runOnlyForDeploymentPostprocessing = 0;
		};
		B75438102163049C00F85B66 /* Frameworks */ = {
			isa = PBXFrameworksBuildPhase;
			buildActionMask = 2147483647;
			files = (
				B7543829216305AE00F85B66 /* RAPI.framework in Frameworks */,
				B754382B216305BE00F85B66 /* ReSwift.framework in Frameworks */,
			);
			runOnlyForDeploymentPostprocessing = 0;
		};
/* End PBXFrameworksBuildPhase section */

/* Begin PBXGroup section */
		B71725D32160105000585459 = {
			isa = PBXGroup;
			children = (
				B71725DE2160105000585459 /* ReddiX */,
				B71725F32160105200585459 /* ReddiXTests */,
				B71726142160FBE700585459 /* RAPI */,
				B71726212160FBE800585459 /* RAPITests */,
				B732BE63216169930020CD7F /* UNI */,
				B732BE70216169930020CD7F /* UNITests */,
				B75437D22163039100F85B66 /* Watch */,
				B75437E12163039300F85B66 /* Watch Extension */,
				C647B68A2163B30F0006C65A /* CommonTests */,
				B71725DD2160105000585459 /* Products */,
				B71726352161122E00585459 /* Frameworks */,
				B717264D21611E1E00585459 /* Carthage */,
			);
			sourceTree = "<group>";
		};
		B71725DD2160105000585459 /* Products */ = {
			isa = PBXGroup;
			children = (
				B71725DC2160105000585459 /* ReddiX.app */,
				B71725F02160105200585459 /* ReddiXTests.xctest */,
				B71726132160FBE700585459 /* RAPI.framework */,
				B717261B2160FBE800585459 /* RAPITests.xctest */,
				B732BE62216169930020CD7F /* UNI.framework */,
				B732BE6A216169930020CD7F /* UNITests.xctest */,
				B75437D12163039100F85B66 /* Watch.app */,
				B75437DD2163039300F85B66 /* Watch Extension.appex */,
				B75437FB216303F600F85B66 /* RAPI.framework */,
				B75438132163049C00F85B66 /* UNI.framework */,
			);
			name = Products;
			sourceTree = "<group>";
		};
		B71725DE2160105000585459 /* ReddiX */ = {
			isa = PBXGroup;
			children = (
				B7DB9EB62167DE7000C447DE /* Controllers */,
				B7DB9EB52167DE6500C447DE /* Views */,
				B71725DF2160105000585459 /* AppDelegate.swift */,
				B71725E62160105100585459 /* Assets.xcassets */,
				B71725EB2160105100585459 /* Info.plist */,
				B71725E82160105100585459 /* LaunchScreen.storyboard */,
				B71725E32160105000585459 /* Main.storyboard */,
			);
			path = ReddiX;
			sourceTree = "<group>";
		};
		B71725F32160105200585459 /* ReddiXTests */ = {
			isa = PBXGroup;
			children = (
				B71725F42160105200585459 /* ReddiXTests.swift */,
				B71725F62160105200585459 /* Info.plist */,
			);
			path = ReddiXTests;
			sourceTree = "<group>";
		};
		B71726062160159800585459 /* JSON */ = {
			isa = PBXGroup;
			children = (
				B717263A2161139200585459 /* Children.swift */,
				B71726042160159400585459 /* JSON.swift */,
				B71726502161241800585459 /* Child.swift */,
			);
			path = JSON;
			sourceTree = "<group>";
		};
		B71726142160FBE700585459 /* RAPI */ = {
			isa = PBXGroup;
			children = (
				B71726162160FBE700585459 /* Info.plist */,
				B71726062160159800585459 /* JSON */,
				B71726152160FBE700585459 /* RAPI.h */,
				B71726002160136100585459 /* RAPI.swift */,
				B7172602216014A000585459 /* Request.swift */,
			);
			path = RAPI;
			sourceTree = "<group>";
		};
		B71726212160FBE800585459 /* RAPITests */ = {
			isa = PBXGroup;
			children = (
				B71726242160FBE800585459 /* Info.plist */,
				B71726222160FBE800585459 /* RAPITests.swift */,
			);
			path = RAPITests;
			sourceTree = "<group>";
		};
		B71726352161122E00585459 /* Frameworks */ = {
			isa = PBXGroup;
			children = (
				B732BE8021616B550020CD7F /* ReSwift.framework */,
				B754382A216305BE00F85B66 /* ReSwift.framework */,
				B71726362161122F00585459 /* OHHTTPStubs.framework */,
			);
			name = Frameworks;
			sourceTree = "<group>";
		};
		B717264D21611E1E00585459 /* Carthage */ = {
			isa = PBXGroup;
			children = (
				C647B68C2163B3B70006C65A /* OHHTTPStubs.framework */,
				B717264E21611E9600585459 /* OHHTTPStubs.framework */,
			);
			name = Carthage;
			path = Carthage/Build/iOS;
			sourceTree = SOURCE_ROOT;
		};
		B732BE63216169930020CD7F /* UNI */ = {
			isa = PBXGroup;
			children = (
				B732BE8221616B9D0020CD7F /* Actions */,
				B732BE65216169930020CD7F /* Info.plist */,
				B732BE8E21616E860020CD7F /* Middleware */,
				B732BE8321616BA30020CD7F /* Reducers */,
				B732BE8421616BAE0020CD7F /* State */,
				B732BE8F216170980020CD7F /* Store.swift */,
				B732BE64216169930020CD7F /* UNI.h */,
			);
			path = UNI;
			sourceTree = "<group>";
		};
		B732BE70216169930020CD7F /* UNITests */ = {
			isa = PBXGroup;
			children = (
				C647B68F2163B3FA0006C65A /* Actions */,
				B7ADC0522167BCCB0090E3D2 /* AppState+Extensions.swift */,
				C647B6962163DFF90006C65A /* ExpectActionCreator.swift */,
				B732BE73216169930020CD7F /* Info.plist */,
				B7ADC0502167AFD00090E3D2 /* MockStore.swift */,
			);
			path = UNITests;
			sourceTree = "<group>";
		};
		B732BE8221616B9D0020CD7F /* Actions */ = {
			isa = PBXGroup;
			children = (
				B732BE8C21616E820020CD7F /* ChildrenActions.swift */,
			);
			path = Actions;
			sourceTree = "<group>";
		};
		B732BE8321616BA30020CD7F /* Reducers */ = {
			isa = PBXGroup;
			children = (
				B732BE91216171B60020CD7F /* AppReducer.swift */,
				B732BE8A21616E0E0020CD7F /* ChildrenReducer.swift */,
			);
			path = Reducers;
			sourceTree = "<group>";
		};
		B732BE8421616BAE0020CD7F /* State */ = {
			isa = PBXGroup;
			children = (
				B732BE8521616BBB0020CD7F /* AppState.swift */,
				B732BE8721616CCC0020CD7F /* ChildrenState.swift */,
			);
			path = State;
			sourceTree = "<group>";
		};
		B732BE8E21616E860020CD7F /* Middleware */ = {
			isa = PBXGroup;
			children = (
				B7FD1D272161C1DA0066BCB2 /* LoggingMiddleware.swift */,
			);
			path = Middleware;
			sourceTree = "<group>";
		};
		B75437D22163039100F85B66 /* Watch */ = {
			isa = PBXGroup;
			children = (
				B75437D32163039100F85B66 /* Interface.storyboard */,
				B75437D62163039300F85B66 /* Assets.xcassets */,
				B75437D82163039300F85B66 /* Info.plist */,
			);
			path = Watch;
			sourceTree = "<group>";
		};
		B75437E12163039300F85B66 /* Watch Extension */ = {
			isa = PBXGroup;
			children = (
				B75437E62163039300F85B66 /* Assets.xcassets */,
				B75437E42163039300F85B66 /* ExtensionDelegate.swift */,
				B75437E82163039300F85B66 /* Info.plist */,
				B75437E22163039300F85B66 /* InterfaceController.swift */,
				B754383021630A2D00F85B66 /* ChildRow.swift */,
			);
			path = "Watch Extension";
			sourceTree = "<group>";
		};
		B7DB9EB52167DE6500C447DE /* Views */ = {
			isa = PBXGroup;
			children = (
				B727D3BB2168034600CF39E6 /* ChildrenSearchBar.swift */,
				B7DB9EB72167EE0500C447DE /* ChildrenTableView.swift */,
				C6E1984E2162C479007E43B5 /* ChildTableViewCell.swift */,
			);
			path = Views;
			sourceTree = "<group>";
		};
		B7DB9EB62167DE7000C447DE /* Controllers */ = {
			isa = PBXGroup;
			children = (
				B71725E12160105000585459 /* ChildrenViewController.swift */,
			);
			path = Controllers;
			sourceTree = "<group>";
		};
		C647B68A2163B30F0006C65A /* CommonTests */ = {
			isa = PBXGroup;
			children = (
				C647B69D2163F4940006C65A /* BundleForClass.swift */,
				C647B6932163BBBB0006C65A /* ChildrenOHHTTPStubs.swift */,
				C647B6982163F3EE0006C65A /* JSON+Extensions.swift */,
				B71726382161124F00585459 /* Reddit.json */,
			);
			path = CommonTests;
			sourceTree = "<group>";
		};
		C647B68F2163B3FA0006C65A /* Actions */ = {
			isa = PBXGroup;
			children = (
				C647B6902163B41F0006C65A /* ChildrenActionsTests.swift */,
			);
			path = Actions;
			sourceTree = "<group>";
		};
/* End PBXGroup section */

/* Begin PBXHeadersBuildPhase section */
		B717260E2160FBE700585459 /* Headers */ = {
			isa = PBXHeadersBuildPhase;
			buildActionMask = 2147483647;
			files = (
				B71726252160FBE800585459 /* RAPI.h in Headers */,
			);
			runOnlyForDeploymentPostprocessing = 0;
		};
		B732BE5D216169930020CD7F /* Headers */ = {
			isa = PBXHeadersBuildPhase;
			buildActionMask = 2147483647;
			files = (
				B732BE74216169930020CD7F /* UNI.h in Headers */,
			);
			runOnlyForDeploymentPostprocessing = 0;
		};
		B75437F6216303F600F85B66 /* Headers */ = {
			isa = PBXHeadersBuildPhase;
			buildActionMask = 2147483647;
			files = (
				B754380D2163045100F85B66 /* RAPI.h in Headers */,
			);
			runOnlyForDeploymentPostprocessing = 0;
		};
		B754380E2163049C00F85B66 /* Headers */ = {
			isa = PBXHeadersBuildPhase;
			buildActionMask = 2147483647;
			files = (
				B754381F216304ED00F85B66 /* UNI.h in Headers */,
			);
			runOnlyForDeploymentPostprocessing = 0;
		};
/* End PBXHeadersBuildPhase section */

/* Begin PBXNativeTarget section */
		B71725DB2160105000585459 /* ReddiX */ = {
			isa = PBXNativeTarget;
			buildConfigurationList = B71725F92160105200585459 /* Build configuration list for PBXNativeTarget "ReddiX" */;
			buildPhases = (
				B71725D82160105000585459 /* Sources */,
				B71725D92160105000585459 /* Frameworks */,
				B71725DA2160105000585459 /* Resources */,
				B717262D2160FBE800585459 /* Embed Frameworks */,
				B7FD1D2A2161C3BD0066BCB2 /* Carthage */,
				B75437F32163039300F85B66 /* Embed Watch Content */,
			);
			buildRules = (
			);
			dependencies = (
				B71726272160FBE800585459 /* PBXTargetDependency */,
				B732BE76216169930020CD7F /* PBXTargetDependency */,
				B75437EA2163039300F85B66 /* PBXTargetDependency */,
			);
			name = ReddiX;
			productName = ReddiX;
			productReference = B71725DC2160105000585459 /* ReddiX.app */;
			productType = "com.apple.product-type.application";
		};
		B71725EF2160105200585459 /* ReddiXTests */ = {
			isa = PBXNativeTarget;
			buildConfigurationList = B71725FC2160105200585459 /* Build configuration list for PBXNativeTarget "ReddiXTests" */;
			buildPhases = (
				B71725EC2160105200585459 /* Sources */,
				B71725ED2160105200585459 /* Frameworks */,
				B71725EE2160105200585459 /* Resources */,
			);
			buildRules = (
			);
			dependencies = (
				B71725F22160105200585459 /* PBXTargetDependency */,
			);
			name = ReddiXTests;
			productName = ReddiXTests;
			productReference = B71725F02160105200585459 /* ReddiXTests.xctest */;
			productType = "com.apple.product-type.bundle.unit-test";
		};
		B71726122160FBE700585459 /* RAPI */ = {
			isa = PBXNativeTarget;
			buildConfigurationList = B717262A2160FBE800585459 /* Build configuration list for PBXNativeTarget "RAPI" */;
			buildPhases = (
				B717260E2160FBE700585459 /* Headers */,
				B717260F2160FBE700585459 /* Sources */,
				B71726102160FBE700585459 /* Frameworks */,
				B71726112160FBE700585459 /* Resources */,
			);
			buildRules = (
			);
			dependencies = (
			);
			name = RAPI;
			productName = RAPI;
			productReference = B71726132160FBE700585459 /* RAPI.framework */;
			productType = "com.apple.product-type.framework";
		};
		B717261A2160FBE800585459 /* RAPITests */ = {
			isa = PBXNativeTarget;
			buildConfigurationList = B717262E2160FBE800585459 /* Build configuration list for PBXNativeTarget "RAPITests" */;
			buildPhases = (
				B71726172160FBE800585459 /* Sources */,
				B71726182160FBE800585459 /* Frameworks */,
				B71726192160FBE800585459 /* Resources */,
				B717263E21611C6100585459 /* Copy Frameworks */,
			);
			buildRules = (
			);
			dependencies = (
				B717261E2160FBE800585459 /* PBXTargetDependency */,
				B71726202160FBE800585459 /* PBXTargetDependency */,
			);
			name = RAPITests;
			productName = RAPITests;
			productReference = B717261B2160FBE800585459 /* RAPITests.xctest */;
			productType = "com.apple.product-type.bundle.unit-test";
		};
		B732BE61216169930020CD7F /* UNI */ = {
			isa = PBXNativeTarget;
			buildConfigurationList = B732BE79216169930020CD7F /* Build configuration list for PBXNativeTarget "UNI" */;
			buildPhases = (
				B732BE5D216169930020CD7F /* Headers */,
				B732BE5E216169930020CD7F /* Sources */,
				B732BE5F216169930020CD7F /* Frameworks */,
				B732BE60216169930020CD7F /* Resources */,
				B732BE7F21616AD90020CD7F /* Carthage */,
			);
			buildRules = (
			);
			dependencies = (
			);
			name = UNI;
			productName = UNI;
			productReference = B732BE62216169930020CD7F /* UNI.framework */;
			productType = "com.apple.product-type.framework";
		};
		B732BE69216169930020CD7F /* UNITests */ = {
			isa = PBXNativeTarget;
			buildConfigurationList = B732BE7C216169930020CD7F /* Build configuration list for PBXNativeTarget "UNITests" */;
			buildPhases = (
				B732BE66216169930020CD7F /* Sources */,
				B732BE67216169930020CD7F /* Frameworks */,
				B732BE68216169930020CD7F /* Resources */,
				C647B68B2163B36A0006C65A /* Copy Frameworks */,
			);
			buildRules = (
			);
			dependencies = (
				B732BE6D216169930020CD7F /* PBXTargetDependency */,
				B732BE6F216169930020CD7F /* PBXTargetDependency */,
			);
			name = UNITests;
			productName = UNITests;
			productReference = B732BE6A216169930020CD7F /* UNITests.xctest */;
			productType = "com.apple.product-type.bundle.unit-test";
		};
		B75437D02163039100F85B66 /* Watch */ = {
			isa = PBXNativeTarget;
			buildConfigurationList = B75437F22163039300F85B66 /* Build configuration list for PBXNativeTarget "Watch" */;
			buildPhases = (
				B75437CF2163039100F85B66 /* Resources */,
				B75437F12163039300F85B66 /* Embed App Extensions */,
			);
			buildRules = (
			);
			dependencies = (
				B75437E02163039300F85B66 /* PBXTargetDependency */,
			);
			name = Watch;
			productName = Watch;
			productReference = B75437D12163039100F85B66 /* Watch.app */;
			productType = "com.apple.product-type.application.watchapp2";
		};
		B75437DC2163039300F85B66 /* Watch Extension */ = {
			isa = PBXNativeTarget;
			buildConfigurationList = B75437F02163039300F85B66 /* Build configuration list for PBXNativeTarget "Watch Extension" */;
			buildPhases = (
				B75437D92163039300F85B66 /* Sources */,
				B75437DA2163039300F85B66 /* Frameworks */,
				B75437DB2163039300F85B66 /* Resources */,
				B7543807216303F600F85B66 /* Embed Frameworks */,
				B754382F2163065400F85B66 /* Carthage */,
			);
			buildRules = (
			);
			dependencies = (
				B7543801216303F600F85B66 /* PBXTargetDependency */,
				B75438192163049C00F85B66 /* PBXTargetDependency */,
			);
			name = "Watch Extension";
			productName = "Watch Extension";
			productReference = B75437DD2163039300F85B66 /* Watch Extension.appex */;
			productType = "com.apple.product-type.watchkit2-extension";
		};
		B75437FA216303F600F85B66 /* RAPI-watchOS */ = {
			isa = PBXNativeTarget;
			buildConfigurationList = B7543804216303F600F85B66 /* Build configuration list for PBXNativeTarget "RAPI-watchOS" */;
			buildPhases = (
				B75437F6216303F600F85B66 /* Headers */,
				B75437F7216303F600F85B66 /* Sources */,
				B75437F8216303F600F85B66 /* Frameworks */,
				B75437F9216303F600F85B66 /* Resources */,
			);
			buildRules = (
			);
			dependencies = (
			);
			name = "RAPI-watchOS";
			productName = "RAPI-watchOS";
			productReference = B75437FB216303F600F85B66 /* RAPI.framework */;
			productType = "com.apple.product-type.framework";
		};
		B75438122163049C00F85B66 /* UNI-watchOS */ = {
			isa = PBXNativeTarget;
			buildConfigurationList = B754381C2163049C00F85B66 /* Build configuration list for PBXNativeTarget "UNI-watchOS" */;
			buildPhases = (
				B754380E2163049C00F85B66 /* Headers */,
				B754380F2163049C00F85B66 /* Sources */,
				B75438102163049C00F85B66 /* Frameworks */,
				B75438112163049C00F85B66 /* Resources */,
				B75438282163051100F85B66 /* Carthage */,
			);
			buildRules = (
			);
			dependencies = (
			);
			name = "UNI-watchOS";
			productName = "UNI-watchOS";
			productReference = B75438132163049C00F85B66 /* UNI.framework */;
			productType = "com.apple.product-type.framework";
		};
/* End PBXNativeTarget section */

/* Begin PBXProject section */
		B71725D42160105000585459 /* Project object */ = {
			isa = PBXProject;
			attributes = {
				LastSwiftUpdateCheck = 1000;
				LastUpgradeCheck = 1000;
				ORGANIZATIONNAME = "Jason Prasad";
				TargetAttributes = {
					B71725DB2160105000585459 = {
						CreatedOnToolsVersion = 10.0;
					};
					B71725EF2160105200585459 = {
						CreatedOnToolsVersion = 10.0;
						TestTargetID = B71725DB2160105000585459;
					};
					B71726122160FBE700585459 = {
						CreatedOnToolsVersion = 10.0;
					};
					B717261A2160FBE800585459 = {
						CreatedOnToolsVersion = 10.0;
						TestTargetID = B71725DB2160105000585459;
					};
					B732BE61216169930020CD7F = {
						CreatedOnToolsVersion = 10.0;
						LastSwiftMigration = 1000;
					};
					B732BE69216169930020CD7F = {
						CreatedOnToolsVersion = 10.0;
						LastSwiftMigration = 1000;
						TestTargetID = B71725DB2160105000585459;
					};
					B75437D02163039100F85B66 = {
						CreatedOnToolsVersion = 10.0;
					};
					B75437DC2163039300F85B66 = {
						CreatedOnToolsVersion = 10.0;
					};
					B75437FA216303F600F85B66 = {
						CreatedOnToolsVersion = 10.0;
					};
					B75438122163049C00F85B66 = {
						CreatedOnToolsVersion = 10.0;
					};
				};
			};
			buildConfigurationList = B71725D72160105000585459 /* Build configuration list for PBXProject "ReddiX" */;
			compatibilityVersion = "Xcode 9.3";
			developmentRegion = en;
			hasScannedForEncodings = 0;
			knownRegions = (
				en,
				Base,
			);
			mainGroup = B71725D32160105000585459;
			productRefGroup = B71725DD2160105000585459 /* Products */;
			projectDirPath = "";
			projectRoot = "";
			targets = (
				B71725DB2160105000585459 /* ReddiX */,
				B71725EF2160105200585459 /* ReddiXTests */,
				B71726122160FBE700585459 /* RAPI */,
				B75437FA216303F600F85B66 /* RAPI-watchOS */,
				B717261A2160FBE800585459 /* RAPITests */,
				B732BE61216169930020CD7F /* UNI */,
				B75438122163049C00F85B66 /* UNI-watchOS */,
				B732BE69216169930020CD7F /* UNITests */,
				B75437D02163039100F85B66 /* Watch */,
				B75437DC2163039300F85B66 /* Watch Extension */,
			);
		};
/* End PBXProject section */

/* Begin PBXResourcesBuildPhase section */
		B71725DA2160105000585459 /* Resources */ = {
			isa = PBXResourcesBuildPhase;
			buildActionMask = 2147483647;
			files = (
				B71725EA2160105100585459 /* LaunchScreen.storyboard in Resources */,
				B71725E72160105100585459 /* Assets.xcassets in Resources */,
				B71725E52160105000585459 /* Main.storyboard in Resources */,
			);
			runOnlyForDeploymentPostprocessing = 0;
		};
		B71725EE2160105200585459 /* Resources */ = {
			isa = PBXResourcesBuildPhase;
			buildActionMask = 2147483647;
			files = (
			);
			runOnlyForDeploymentPostprocessing = 0;
		};
		B71726112160FBE700585459 /* Resources */ = {
			isa = PBXResourcesBuildPhase;
			buildActionMask = 2147483647;
			files = (
			);
			runOnlyForDeploymentPostprocessing = 0;
		};
		B71726192160FBE800585459 /* Resources */ = {
			isa = PBXResourcesBuildPhase;
			buildActionMask = 2147483647;
			files = (
				B71726392161124F00585459 /* Reddit.json in Resources */,
			);
			runOnlyForDeploymentPostprocessing = 0;
		};
		B732BE60216169930020CD7F /* Resources */ = {
			isa = PBXResourcesBuildPhase;
			buildActionMask = 2147483647;
			files = (
			);
			runOnlyForDeploymentPostprocessing = 0;
		};
		B732BE68216169930020CD7F /* Resources */ = {
			isa = PBXResourcesBuildPhase;
			buildActionMask = 2147483647;
			files = (
				C647B68E2163B3E40006C65A /* Reddit.json in Resources */,
			);
			runOnlyForDeploymentPostprocessing = 0;
		};
		B75437CF2163039100F85B66 /* Resources */ = {
			isa = PBXResourcesBuildPhase;
			buildActionMask = 2147483647;
			files = (
				B75437D72163039300F85B66 /* Assets.xcassets in Resources */,
				B75437D52163039100F85B66 /* Interface.storyboard in Resources */,
			);
			runOnlyForDeploymentPostprocessing = 0;
		};
		B75437DB2163039300F85B66 /* Resources */ = {
			isa = PBXResourcesBuildPhase;
			buildActionMask = 2147483647;
			files = (
				B75437E72163039300F85B66 /* Assets.xcassets in Resources */,
			);
			runOnlyForDeploymentPostprocessing = 0;
		};
		B75437F9216303F600F85B66 /* Resources */ = {
			isa = PBXResourcesBuildPhase;
			buildActionMask = 2147483647;
			files = (
			);
			runOnlyForDeploymentPostprocessing = 0;
		};
		B75438112163049C00F85B66 /* Resources */ = {
			isa = PBXResourcesBuildPhase;
			buildActionMask = 2147483647;
			files = (
			);
			runOnlyForDeploymentPostprocessing = 0;
		};
/* End PBXResourcesBuildPhase section */

/* Begin PBXShellScriptBuildPhase section */
		B732BE7F21616AD90020CD7F /* Carthage */ = {
			isa = PBXShellScriptBuildPhase;
			buildActionMask = 2147483647;
			files = (
			);
			inputFileListPaths = (
			);
			inputPaths = (
				"$(SRCROOT)/Carthage/Build/iOS/ReSwift.framework",
			);
			name = Carthage;
			outputFileListPaths = (
			);
			outputPaths = (
				"$(BUILT_PRODUCTS_DIR)/$(FRAMEWORKS_FOLDER_PATH)/ReSwift.framework",
			);
			runOnlyForDeploymentPostprocessing = 0;
			shellPath = /bin/sh;
			shellScript = "/usr/local/bin/carthage copy-frameworks\n";
		};
		B75438282163051100F85B66 /* Carthage */ = {
			isa = PBXShellScriptBuildPhase;
			buildActionMask = 2147483647;
			files = (
			);
			inputFileListPaths = (
			);
			inputPaths = (
				"$(SRCROOT)/Carthage/Build/watchOS/ReSwift.framework",
			);
			name = Carthage;
			outputFileListPaths = (
			);
			outputPaths = (
				"$(BUILT_PRODUCTS_DIR)/$(FRAMEWORKS_FOLDER_PATH)/ReSwift.framework",
			);
			runOnlyForDeploymentPostprocessing = 0;
			shellPath = /bin/sh;
			shellScript = "/usr/local/bin/carthage copy-frameworks\n";
		};
		B754382F2163065400F85B66 /* Carthage */ = {
			isa = PBXShellScriptBuildPhase;
			buildActionMask = 2147483647;
			files = (
			);
			inputFileListPaths = (
			);
			inputPaths = (
				"$(SRCROOT)/Carthage/Build/watchOS/ReSwift.framework",
			);
			name = Carthage;
			outputFileListPaths = (
			);
			outputPaths = (
				"$(BUILT_PRODUCTS_DIR)/$(FRAMEWORKS_FOLDER_PATH)/ReSwift.framework",
			);
			runOnlyForDeploymentPostprocessing = 0;
			shellPath = /bin/sh;
			shellScript = "/usr/local/bin/carthage copy-frameworks\n";
		};
		B7FD1D2A2161C3BD0066BCB2 /* Carthage */ = {
			isa = PBXShellScriptBuildPhase;
			buildActionMask = 2147483647;
			files = (
			);
			inputFileListPaths = (
			);
			inputPaths = (
				"$(SRCROOT)/Carthage/Build/iOS/ReSwift.framework",
			);
			name = Carthage;
			outputFileListPaths = (
			);
			outputPaths = (
				"$(BUILT_PRODUCTS_DIR)/$(FRAMEWORKS_FOLDER_PATH)/ReSwift.framework",
			);
			runOnlyForDeploymentPostprocessing = 0;
			shellPath = /bin/sh;
			shellScript = "/usr/local/bin/carthage copy-frameworks\n";
		};
/* End PBXShellScriptBuildPhase section */

/* Begin PBXSourcesBuildPhase section */
		B71725D82160105000585459 /* Sources */ = {
			isa = PBXSourcesBuildPhase;
			buildActionMask = 2147483647;
			files = (
				C6E1984F2162C479007E43B5 /* ChildTableViewCell.swift in Sources */,
				B727D3BC2168034600CF39E6 /* ChildrenSearchBar.swift in Sources */,
				B71725E22160105000585459 /* ChildrenViewController.swift in Sources */,
				B7DB9EB82167EE0500C447DE /* ChildrenTableView.swift in Sources */,
				B71725E02160105000585459 /* AppDelegate.swift in Sources */,
			);
			runOnlyForDeploymentPostprocessing = 0;
		};
		B71725EC2160105200585459 /* Sources */ = {
			isa = PBXSourcesBuildPhase;
			buildActionMask = 2147483647;
			files = (
				B71725F52160105200585459 /* ReddiXTests.swift in Sources */,
			);
			runOnlyForDeploymentPostprocessing = 0;
		};
		B717260F2160FBE700585459 /* Sources */ = {
			isa = PBXSourcesBuildPhase;
			buildActionMask = 2147483647;
			files = (
				B71726312160FBF800585459 /* RAPI.swift in Sources */,
				B71726322160FCFF00585459 /* Request.swift in Sources */,
				B717263B2161139200585459 /* Children.swift in Sources */,
				B71726342160FD0700585459 /* JSON.swift in Sources */,
				B71726512161241800585459 /* Child.swift in Sources */,
			);
			runOnlyForDeploymentPostprocessing = 0;
		};
		B71726172160FBE800585459 /* Sources */ = {
			isa = PBXSourcesBuildPhase;
			buildActionMask = 2147483647;
			files = (
				C647B69C2163F4000006C65A /* JSON+Extensions.swift in Sources */,
				B717263C216114A100585459 /* RAPITests.swift in Sources */,
				C647B69E2163F4940006C65A /* BundleForClass.swift in Sources */,
				C647B6952163BBC20006C65A /* ChildrenOHHTTPStubs.swift in Sources */,
			);
			runOnlyForDeploymentPostprocessing = 0;
		};
		B732BE5E216169930020CD7F /* Sources */ = {
			isa = PBXSourcesBuildPhase;
			buildActionMask = 2147483647;
			files = (
				B732BE92216171B60020CD7F /* AppReducer.swift in Sources */,
				B732BE90216170980020CD7F /* Store.swift in Sources */,
				B732BE8821616CCC0020CD7F /* ChildrenState.swift in Sources */,
				B732BE8B21616E0E0020CD7F /* ChildrenReducer.swift in Sources */,
				B732BE8D21616E820020CD7F /* ChildrenActions.swift in Sources */,
				B732BE8621616BBB0020CD7F /* AppState.swift in Sources */,
				B7FD1D282161C1DA0066BCB2 /* LoggingMiddleware.swift in Sources */,
			);
			runOnlyForDeploymentPostprocessing = 0;
		};
		B732BE66216169930020CD7F /* Sources */ = {
			isa = PBXSourcesBuildPhase;
			buildActionMask = 2147483647;
			files = (
				C647B6912163B41F0006C65A /* ChildrenActionsTests.swift in Sources */,
				C647B6992163F3EE0006C65A /* JSON+Extensions.swift in Sources */,
				C647B6972163DFF90006C65A /* ExpectActionCreator.swift in Sources */,
				B7ADC0532167BCCB0090E3D2 /* AppState+Extensions.swift in Sources */,
				C647B69F2163F4940006C65A /* BundleForClass.swift in Sources */,
				C647B6942163BBBB0006C65A /* ChildrenOHHTTPStubs.swift in Sources */,
				B7ADC0512167AFD00090E3D2 /* MockStore.swift in Sources */,
			);
			runOnlyForDeploymentPostprocessing = 0;
		};
		B75437D92163039300F85B66 /* Sources */ = {
			isa = PBXSourcesBuildPhase;
			buildActionMask = 2147483647;
			files = (
				B754383121630A2D00F85B66 /* ChildRow.swift in Sources */,
				B75437E52163039300F85B66 /* ExtensionDelegate.swift in Sources */,
				B75437E32163039300F85B66 /* InterfaceController.swift in Sources */,
			);
			runOnlyForDeploymentPostprocessing = 0;
		};
		B75437F7216303F600F85B66 /* Sources */ = {
			isa = PBXSourcesBuildPhase;
			buildActionMask = 2147483647;
			files = (
				B75438082163040B00F85B66 /* Children.swift in Sources */,
				B75438092163040B00F85B66 /* JSON.swift in Sources */,
				B754380A2163040B00F85B66 /* Child.swift in Sources */,
				B754380B2163040B00F85B66 /* RAPI.swift in Sources */,
				B754380C2163040B00F85B66 /* Request.swift in Sources */,
			);
			runOnlyForDeploymentPostprocessing = 0;
		};
		B754380F2163049C00F85B66 /* Sources */ = {
			isa = PBXSourcesBuildPhase;
			buildActionMask = 2147483647;
			files = (
				B75438202163050000F85B66 /* ChildrenActions.swift in Sources */,
				B75438222163050000F85B66 /* LoggingMiddleware.swift in Sources */,
				B75438232163050000F85B66 /* AppReducer.swift in Sources */,
				B75438242163050000F85B66 /* ChildrenReducer.swift in Sources */,
				B75438252163050000F85B66 /* AppState.swift in Sources */,
				B75438262163050000F85B66 /* ChildrenState.swift in Sources */,
				B75438272163050000F85B66 /* Store.swift in Sources */,
			);
			runOnlyForDeploymentPostprocessing = 0;
		};
/* End PBXSourcesBuildPhase section */

/* Begin PBXTargetDependency section */
		B71725F22160105200585459 /* PBXTargetDependency */ = {
			isa = PBXTargetDependency;
			target = B71725DB2160105000585459 /* ReddiX */;
			targetProxy = B71725F12160105200585459 /* PBXContainerItemProxy */;
		};
		B717261E2160FBE800585459 /* PBXTargetDependency */ = {
			isa = PBXTargetDependency;
			target = B71726122160FBE700585459 /* RAPI */;
			targetProxy = B717261D2160FBE800585459 /* PBXContainerItemProxy */;
		};
		B71726202160FBE800585459 /* PBXTargetDependency */ = {
			isa = PBXTargetDependency;
			target = B71725DB2160105000585459 /* ReddiX */;
			targetProxy = B717261F2160FBE800585459 /* PBXContainerItemProxy */;
		};
		B71726272160FBE800585459 /* PBXTargetDependency */ = {
			isa = PBXTargetDependency;
			target = B71726122160FBE700585459 /* RAPI */;
			targetProxy = B71726262160FBE800585459 /* PBXContainerItemProxy */;
		};
		B732BE6D216169930020CD7F /* PBXTargetDependency */ = {
			isa = PBXTargetDependency;
			target = B732BE61216169930020CD7F /* UNI */;
			targetProxy = B732BE6C216169930020CD7F /* PBXContainerItemProxy */;
		};
		B732BE6F216169930020CD7F /* PBXTargetDependency */ = {
			isa = PBXTargetDependency;
			target = B71725DB2160105000585459 /* ReddiX */;
			targetProxy = B732BE6E216169930020CD7F /* PBXContainerItemProxy */;
		};
		B732BE76216169930020CD7F /* PBXTargetDependency */ = {
			isa = PBXTargetDependency;
			target = B732BE61216169930020CD7F /* UNI */;
			targetProxy = B732BE75216169930020CD7F /* PBXContainerItemProxy */;
		};
		B75437E02163039300F85B66 /* PBXTargetDependency */ = {
			isa = PBXTargetDependency;
			target = B75437DC2163039300F85B66 /* Watch Extension */;
			targetProxy = B75437DF2163039300F85B66 /* PBXContainerItemProxy */;
		};
		B75437EA2163039300F85B66 /* PBXTargetDependency */ = {
			isa = PBXTargetDependency;
			target = B75437D02163039100F85B66 /* Watch */;
			targetProxy = B75437E92163039300F85B66 /* PBXContainerItemProxy */;
		};
		B7543801216303F600F85B66 /* PBXTargetDependency */ = {
			isa = PBXTargetDependency;
			target = B75437FA216303F600F85B66 /* RAPI-watchOS */;
			targetProxy = B7543800216303F600F85B66 /* PBXContainerItemProxy */;
		};
		B75438192163049C00F85B66 /* PBXTargetDependency */ = {
			isa = PBXTargetDependency;
			target = B75438122163049C00F85B66 /* UNI-watchOS */;
			targetProxy = B75438182163049C00F85B66 /* PBXContainerItemProxy */;
		};
/* End PBXTargetDependency section */

/* Begin PBXVariantGroup section */
		B71725E32160105000585459 /* Main.storyboard */ = {
			isa = PBXVariantGroup;
			children = (
				B71725E42160105000585459 /* Base */,
			);
			name = Main.storyboard;
			sourceTree = "<group>";
		};
		B71725E82160105100585459 /* LaunchScreen.storyboard */ = {
			isa = PBXVariantGroup;
			children = (
				B71725E92160105100585459 /* Base */,
			);
			name = LaunchScreen.storyboard;
			sourceTree = "<group>";
		};
		B75437D32163039100F85B66 /* Interface.storyboard */ = {
			isa = PBXVariantGroup;
			children = (
				B75437D42163039100F85B66 /* Base */,
			);
			name = Interface.storyboard;
			sourceTree = "<group>";
		};
/* End PBXVariantGroup section */

/* Begin XCBuildConfiguration section */
		B71725F72160105200585459 /* Debug */ = {
			isa = XCBuildConfiguration;
			buildSettings = {
				ALWAYS_SEARCH_USER_PATHS = NO;
				CLANG_ANALYZER_NONNULL = YES;
				CLANG_ANALYZER_NUMBER_OBJECT_CONVERSION = YES_AGGRESSIVE;
				CLANG_CXX_LANGUAGE_STANDARD = "gnu++14";
				CLANG_CXX_LIBRARY = "libc++";
				CLANG_ENABLE_MODULES = YES;
				CLANG_ENABLE_OBJC_ARC = YES;
				CLANG_ENABLE_OBJC_WEAK = YES;
				CLANG_WARN_BLOCK_CAPTURE_AUTORELEASING = YES;
				CLANG_WARN_BOOL_CONVERSION = YES;
				CLANG_WARN_COMMA = YES;
				CLANG_WARN_CONSTANT_CONVERSION = YES;
				CLANG_WARN_DEPRECATED_OBJC_IMPLEMENTATIONS = YES;
				CLANG_WARN_DIRECT_OBJC_ISA_USAGE = YES_ERROR;
				CLANG_WARN_DOCUMENTATION_COMMENTS = YES;
				CLANG_WARN_EMPTY_BODY = YES;
				CLANG_WARN_ENUM_CONVERSION = YES;
				CLANG_WARN_INFINITE_RECURSION = YES;
				CLANG_WARN_INT_CONVERSION = YES;
				CLANG_WARN_NON_LITERAL_NULL_CONVERSION = YES;
				CLANG_WARN_OBJC_IMPLICIT_RETAIN_SELF = YES;
				CLANG_WARN_OBJC_LITERAL_CONVERSION = YES;
				CLANG_WARN_OBJC_ROOT_CLASS = YES_ERROR;
				CLANG_WARN_RANGE_LOOP_ANALYSIS = YES;
				CLANG_WARN_STRICT_PROTOTYPES = YES;
				CLANG_WARN_SUSPICIOUS_MOVE = YES;
				CLANG_WARN_UNGUARDED_AVAILABILITY = YES_AGGRESSIVE;
				CLANG_WARN_UNREACHABLE_CODE = YES;
				CLANG_WARN__DUPLICATE_METHOD_MATCH = YES;
				CODE_SIGN_IDENTITY = "iPhone Developer";
				COPY_PHASE_STRIP = NO;
				DEBUG_INFORMATION_FORMAT = dwarf;
				ENABLE_STRICT_OBJC_MSGSEND = YES;
				ENABLE_TESTABILITY = YES;
				GCC_C_LANGUAGE_STANDARD = gnu11;
				GCC_DYNAMIC_NO_PIC = NO;
				GCC_NO_COMMON_BLOCKS = YES;
				GCC_OPTIMIZATION_LEVEL = 0;
				GCC_PREPROCESSOR_DEFINITIONS = (
					"DEBUG=1",
					"$(inherited)",
				);
				GCC_WARN_64_TO_32_BIT_CONVERSION = YES;
				GCC_WARN_ABOUT_RETURN_TYPE = YES_ERROR;
				GCC_WARN_UNDECLARED_SELECTOR = YES;
				GCC_WARN_UNINITIALIZED_AUTOS = YES_AGGRESSIVE;
				GCC_WARN_UNUSED_FUNCTION = YES;
				GCC_WARN_UNUSED_VARIABLE = YES;
				IPHONEOS_DEPLOYMENT_TARGET = 11.0;
				MTL_ENABLE_DEBUG_INFO = INCLUDE_SOURCE;
				MTL_FAST_MATH = YES;
				ONLY_ACTIVE_ARCH = YES;
				SDKROOT = iphoneos;
				SWIFT_ACTIVE_COMPILATION_CONDITIONS = DEBUG;
				SWIFT_OPTIMIZATION_LEVEL = "-Onone";
			};
			name = Debug;
		};
		B71725F82160105200585459 /* Release */ = {
			isa = XCBuildConfiguration;
			buildSettings = {
				ALWAYS_SEARCH_USER_PATHS = NO;
				CLANG_ANALYZER_NONNULL = YES;
				CLANG_ANALYZER_NUMBER_OBJECT_CONVERSION = YES_AGGRESSIVE;
				CLANG_CXX_LANGUAGE_STANDARD = "gnu++14";
				CLANG_CXX_LIBRARY = "libc++";
				CLANG_ENABLE_MODULES = YES;
				CLANG_ENABLE_OBJC_ARC = YES;
				CLANG_ENABLE_OBJC_WEAK = YES;
				CLANG_WARN_BLOCK_CAPTURE_AUTORELEASING = YES;
				CLANG_WARN_BOOL_CONVERSION = YES;
				CLANG_WARN_COMMA = YES;
				CLANG_WARN_CONSTANT_CONVERSION = YES;
				CLANG_WARN_DEPRECATED_OBJC_IMPLEMENTATIONS = YES;
				CLANG_WARN_DIRECT_OBJC_ISA_USAGE = YES_ERROR;
				CLANG_WARN_DOCUMENTATION_COMMENTS = YES;
				CLANG_WARN_EMPTY_BODY = YES;
				CLANG_WARN_ENUM_CONVERSION = YES;
				CLANG_WARN_INFINITE_RECURSION = YES;
				CLANG_WARN_INT_CONVERSION = YES;
				CLANG_WARN_NON_LITERAL_NULL_CONVERSION = YES;
				CLANG_WARN_OBJC_IMPLICIT_RETAIN_SELF = YES;
				CLANG_WARN_OBJC_LITERAL_CONVERSION = YES;
				CLANG_WARN_OBJC_ROOT_CLASS = YES_ERROR;
				CLANG_WARN_RANGE_LOOP_ANALYSIS = YES;
				CLANG_WARN_STRICT_PROTOTYPES = YES;
				CLANG_WARN_SUSPICIOUS_MOVE = YES;
				CLANG_WARN_UNGUARDED_AVAILABILITY = YES_AGGRESSIVE;
				CLANG_WARN_UNREACHABLE_CODE = YES;
				CLANG_WARN__DUPLICATE_METHOD_MATCH = YES;
				CODE_SIGN_IDENTITY = "iPhone Developer";
				COPY_PHASE_STRIP = NO;
				DEBUG_INFORMATION_FORMAT = "dwarf-with-dsym";
				ENABLE_NS_ASSERTIONS = NO;
				ENABLE_STRICT_OBJC_MSGSEND = YES;
				GCC_C_LANGUAGE_STANDARD = gnu11;
				GCC_NO_COMMON_BLOCKS = YES;
				GCC_WARN_64_TO_32_BIT_CONVERSION = YES;
				GCC_WARN_ABOUT_RETURN_TYPE = YES_ERROR;
				GCC_WARN_UNDECLARED_SELECTOR = YES;
				GCC_WARN_UNINITIALIZED_AUTOS = YES_AGGRESSIVE;
				GCC_WARN_UNUSED_FUNCTION = YES;
				GCC_WARN_UNUSED_VARIABLE = YES;
				IPHONEOS_DEPLOYMENT_TARGET = 11.0;
				MTL_ENABLE_DEBUG_INFO = NO;
				MTL_FAST_MATH = YES;
				SDKROOT = iphoneos;
				SWIFT_COMPILATION_MODE = wholemodule;
				SWIFT_OPTIMIZATION_LEVEL = "-O";
				VALIDATE_PRODUCT = YES;
			};
			name = Release;
		};
		B71725FA2160105200585459 /* Debug */ = {
			isa = XCBuildConfiguration;
			buildSettings = {
				ALWAYS_EMBED_SWIFT_STANDARD_LIBRARIES = YES;
				ASSETCATALOG_COMPILER_APPICON_NAME = AppIcon;
				CODE_SIGN_STYLE = Automatic;
				DEVELOPMENT_TEAM = SZBVKVY4W2;
				FRAMEWORK_SEARCH_PATHS = (
					"$(inherited)",
					"$(PROJECT_DIR)/Carthage/Build/iOS",
				);
				INFOPLIST_FILE = "$(TARGET_NAME)/Info.plist";
				LD_RUNPATH_SEARCH_PATHS = (
					"$(inherited)",
					"@executable_path/Frameworks",
				);
				PRODUCT_BUNDLE_IDENTIFIER = "com.jjgp.$(TARGET_NAME)";
				PRODUCT_NAME = "$(TARGET_NAME)";
				SWIFT_VERSION = 4.2;
				TARGETED_DEVICE_FAMILY = "1,2";
			};
			name = Debug;
		};
		B71725FB2160105200585459 /* Release */ = {
			isa = XCBuildConfiguration;
			buildSettings = {
				ALWAYS_EMBED_SWIFT_STANDARD_LIBRARIES = YES;
				ASSETCATALOG_COMPILER_APPICON_NAME = AppIcon;
				CODE_SIGN_STYLE = Automatic;
				DEVELOPMENT_TEAM = SZBVKVY4W2;
				FRAMEWORK_SEARCH_PATHS = (
					"$(inherited)",
					"$(PROJECT_DIR)/Carthage/Build/iOS",
				);
				INFOPLIST_FILE = "$(TARGET_NAME)/Info.plist";
				LD_RUNPATH_SEARCH_PATHS = (
					"$(inherited)",
					"@executable_path/Frameworks",
				);
				PRODUCT_BUNDLE_IDENTIFIER = "com.jjgp.$(TARGET_NAME)";
				PRODUCT_NAME = "$(TARGET_NAME)";
				SWIFT_VERSION = 4.2;
				TARGETED_DEVICE_FAMILY = "1,2";
			};
			name = Release;
		};
		B71725FD2160105200585459 /* Debug */ = {
			isa = XCBuildConfiguration;
			buildSettings = {
				ALWAYS_EMBED_SWIFT_STANDARD_LIBRARIES = YES;
				BUNDLE_LOADER = "$(TEST_HOST)";
				CODE_SIGN_STYLE = Automatic;
				DEVELOPMENT_TEAM = SZBVKVY4W2;
				INFOPLIST_FILE = "$(TARGET_NAME)/Info.plist";
				LD_RUNPATH_SEARCH_PATHS = (
					"$(inherited)",
					"@executable_path/Frameworks",
					"@loader_path/Frameworks",
				);
				PRODUCT_BUNDLE_IDENTIFIER = "com.jjgp.$(TARGET_NAME)";
				PRODUCT_NAME = "$(TARGET_NAME)";
				SWIFT_VERSION = 4.2;
				TARGETED_DEVICE_FAMILY = "1,2";
				TEST_HOST = "$(BUILT_PRODUCTS_DIR)/ReddiX.app/ReddiX";
			};
			name = Debug;
		};
		B71725FE2160105200585459 /* Release */ = {
			isa = XCBuildConfiguration;
			buildSettings = {
				ALWAYS_EMBED_SWIFT_STANDARD_LIBRARIES = YES;
				BUNDLE_LOADER = "$(TEST_HOST)";
				CODE_SIGN_STYLE = Automatic;
				DEVELOPMENT_TEAM = SZBVKVY4W2;
				INFOPLIST_FILE = "$(TARGET_NAME)/Info.plist";
				LD_RUNPATH_SEARCH_PATHS = (
					"$(inherited)",
					"@executable_path/Frameworks",
					"@loader_path/Frameworks",
				);
				PRODUCT_BUNDLE_IDENTIFIER = "com.jjgp.$(TARGET_NAME)";
				PRODUCT_NAME = "$(TARGET_NAME)";
				SWIFT_VERSION = 4.2;
				TARGETED_DEVICE_FAMILY = "1,2";
				TEST_HOST = "$(BUILT_PRODUCTS_DIR)/ReddiX.app/ReddiX";
			};
			name = Release;
		};
		B717262B2160FBE800585459 /* Debug */ = {
			isa = XCBuildConfiguration;
			buildSettings = {
				CODE_SIGN_IDENTITY = "";
				CODE_SIGN_STYLE = Automatic;
				CURRENT_PROJECT_VERSION = 1;
				DEFINES_MODULE = YES;
				DYLIB_COMPATIBILITY_VERSION = 1;
				DYLIB_CURRENT_VERSION = 1;
				DYLIB_INSTALL_NAME_BASE = "@rpath";
				INFOPLIST_FILE = "$(TARGET_NAME)/Info.plist";
				INSTALL_PATH = "$(LOCAL_LIBRARY_DIR)/Frameworks";
				LD_RUNPATH_SEARCH_PATHS = (
					"$(inherited)",
					"@executable_path/Frameworks",
					"@loader_path/Frameworks",
				);
				PRODUCT_BUNDLE_IDENTIFIER = "com.jjgp.$(TARGET_NAME)";
				PRODUCT_NAME = "$(TARGET_NAME:c99extidentifier)";
				SKIP_INSTALL = YES;
				SWIFT_VERSION = 4.2;
				TARGETED_DEVICE_FAMILY = "1,2";
				VERSIONING_SYSTEM = "apple-generic";
				VERSION_INFO_PREFIX = "";
			};
			name = Debug;
		};
		B717262C2160FBE800585459 /* Release */ = {
			isa = XCBuildConfiguration;
			buildSettings = {
				CODE_SIGN_IDENTITY = "";
				CODE_SIGN_STYLE = Automatic;
				CURRENT_PROJECT_VERSION = 1;
				DEFINES_MODULE = YES;
				DYLIB_COMPATIBILITY_VERSION = 1;
				DYLIB_CURRENT_VERSION = 1;
				DYLIB_INSTALL_NAME_BASE = "@rpath";
				INFOPLIST_FILE = "$(TARGET_NAME)/Info.plist";
				INSTALL_PATH = "$(LOCAL_LIBRARY_DIR)/Frameworks";
				LD_RUNPATH_SEARCH_PATHS = (
					"$(inherited)",
					"@executable_path/Frameworks",
					"@loader_path/Frameworks",
				);
				PRODUCT_BUNDLE_IDENTIFIER = "com.jjgp.$(TARGET_NAME)";
				PRODUCT_NAME = "$(TARGET_NAME:c99extidentifier)";
				SKIP_INSTALL = YES;
				SWIFT_VERSION = 4.2;
				TARGETED_DEVICE_FAMILY = "1,2";
				VERSIONING_SYSTEM = "apple-generic";
				VERSION_INFO_PREFIX = "";
			};
			name = Release;
		};
		B717262F2160FBE800585459 /* Debug */ = {
			isa = XCBuildConfiguration;
			buildSettings = {
				ALWAYS_EMBED_SWIFT_STANDARD_LIBRARIES = YES;
				CODE_SIGN_STYLE = Automatic;
				DEVELOPMENT_TEAM = SZBVKVY4W2;
				FRAMEWORK_SEARCH_PATHS = (
					"$(inherited)",
					"$(PROJECT_DIR)/Carthage/Build/iOS",
				);
				INFOPLIST_FILE = "$(TARGET_NAME)/Info.plist";
				LD_RUNPATH_SEARCH_PATHS = (
					"$(inherited)",
					"@executable_path/Frameworks",
					"@loader_path/Frameworks",
				);
				PRODUCT_BUNDLE_IDENTIFIER = "com.jjgp.$(TARGET_NAME)";
				PRODUCT_NAME = "$(TARGET_NAME)";
				SWIFT_VERSION = 4.2;
				TARGETED_DEVICE_FAMILY = "1,2";
				TEST_HOST = "$(BUILT_PRODUCTS_DIR)/ReddiX.app/ReddiX";
			};
			name = Debug;
		};
		B71726302160FBE800585459 /* Release */ = {
			isa = XCBuildConfiguration;
			buildSettings = {
				ALWAYS_EMBED_SWIFT_STANDARD_LIBRARIES = YES;
				CODE_SIGN_STYLE = Automatic;
				DEVELOPMENT_TEAM = SZBVKVY4W2;
				FRAMEWORK_SEARCH_PATHS = (
					"$(inherited)",
					"$(PROJECT_DIR)/Carthage/Build/iOS",
				);
				INFOPLIST_FILE = "$(TARGET_NAME)/Info.plist";
				LD_RUNPATH_SEARCH_PATHS = (
					"$(inherited)",
					"@executable_path/Frameworks",
					"@loader_path/Frameworks",
				);
				PRODUCT_BUNDLE_IDENTIFIER = "com.jjgp.$(TARGET_NAME)";
				PRODUCT_NAME = "$(TARGET_NAME)";
				SWIFT_VERSION = 4.2;
				TARGETED_DEVICE_FAMILY = "1,2";
				TEST_HOST = "$(BUILT_PRODUCTS_DIR)/ReddiX.app/ReddiX";
			};
			name = Release;
		};
		B732BE7A216169930020CD7F /* Debug */ = {
			isa = XCBuildConfiguration;
			buildSettings = {
				CLANG_ENABLE_MODULES = YES;
				CODE_SIGN_IDENTITY = "";
				CODE_SIGN_STYLE = Automatic;
				CURRENT_PROJECT_VERSION = 1;
				DEFINES_MODULE = YES;
				DEVELOPMENT_TEAM = SZBVKVY4W2;
				DYLIB_COMPATIBILITY_VERSION = 1;
				DYLIB_CURRENT_VERSION = 1;
				DYLIB_INSTALL_NAME_BASE = "@rpath";
				FRAMEWORK_SEARCH_PATHS = (
					"$(inherited)",
					"$(PROJECT_DIR)/Carthage/Build/iOS",
				);
				INFOPLIST_FILE = "$(TARGET_NAME)/Info.plist";
				INSTALL_PATH = "$(LOCAL_LIBRARY_DIR)/Frameworks";
				LD_RUNPATH_SEARCH_PATHS = (
					"$(inherited)",
					"@executable_path/Frameworks",
					"@loader_path/Frameworks",
				);
				PRODUCT_BUNDLE_IDENTIFIER = "com.jjgp.$(TARGET_NAME)";
				PRODUCT_NAME = "$(TARGET_NAME:c99extidentifier)";
				SKIP_INSTALL = YES;
				SWIFT_OPTIMIZATION_LEVEL = "-Onone";
				SWIFT_VERSION = 4.2;
				TARGETED_DEVICE_FAMILY = "1,2";
				VERSIONING_SYSTEM = "apple-generic";
				VERSION_INFO_PREFIX = "";
			};
			name = Debug;
		};
		B732BE7B216169930020CD7F /* Release */ = {
			isa = XCBuildConfiguration;
			buildSettings = {
				CLANG_ENABLE_MODULES = YES;
				CODE_SIGN_IDENTITY = "";
				CODE_SIGN_STYLE = Automatic;
				CURRENT_PROJECT_VERSION = 1;
				DEFINES_MODULE = YES;
				DEVELOPMENT_TEAM = SZBVKVY4W2;
				DYLIB_COMPATIBILITY_VERSION = 1;
				DYLIB_CURRENT_VERSION = 1;
				DYLIB_INSTALL_NAME_BASE = "@rpath";
				FRAMEWORK_SEARCH_PATHS = (
					"$(inherited)",
					"$(PROJECT_DIR)/Carthage/Build/iOS",
				);
				INFOPLIST_FILE = "$(TARGET_NAME)/Info.plist";
				INSTALL_PATH = "$(LOCAL_LIBRARY_DIR)/Frameworks";
				LD_RUNPATH_SEARCH_PATHS = (
					"$(inherited)",
					"@executable_path/Frameworks",
					"@loader_path/Frameworks",
				);
				PRODUCT_BUNDLE_IDENTIFIER = "com.jjgp.$(TARGET_NAME)";
				PRODUCT_NAME = "$(TARGET_NAME:c99extidentifier)";
				SKIP_INSTALL = YES;
				SWIFT_VERSION = 4.2;
				TARGETED_DEVICE_FAMILY = "1,2";
				VERSIONING_SYSTEM = "apple-generic";
				VERSION_INFO_PREFIX = "";
			};
			name = Release;
		};
		B732BE7D216169930020CD7F /* Debug */ = {
			isa = XCBuildConfiguration;
			buildSettings = {
				ALWAYS_EMBED_SWIFT_STANDARD_LIBRARIES = YES;
				CLANG_ENABLE_MODULES = YES;
				CODE_SIGN_STYLE = Automatic;
				DEVELOPMENT_TEAM = SZBVKVY4W2;
				FRAMEWORK_SEARCH_PATHS = (
					"$(inherited)",
					"$(PROJECT_DIR)/Carthage/Build/iOS",
				);
				INFOPLIST_FILE = "$(TARGET_NAME)/Info.plist";
				LD_RUNPATH_SEARCH_PATHS = (
					"$(inherited)",
					"@executable_path/Frameworks",
					"@loader_path/Frameworks",
				);
				PRODUCT_BUNDLE_IDENTIFIER = "com.jjgp.$(TARGET_NAME)";
				PRODUCT_NAME = "$(TARGET_NAME)";
				SWIFT_OPTIMIZATION_LEVEL = "-Onone";
				SWIFT_VERSION = 4.2;
				TARGETED_DEVICE_FAMILY = "1,2";
				TEST_HOST = "$(BUILT_PRODUCTS_DIR)/ReddiX.app/ReddiX";
			};
			name = Debug;
		};
		B732BE7E216169930020CD7F /* Release */ = {
			isa = XCBuildConfiguration;
			buildSettings = {
				ALWAYS_EMBED_SWIFT_STANDARD_LIBRARIES = YES;
				CLANG_ENABLE_MODULES = YES;
				CODE_SIGN_STYLE = Automatic;
				DEVELOPMENT_TEAM = SZBVKVY4W2;
				FRAMEWORK_SEARCH_PATHS = (
					"$(inherited)",
					"$(PROJECT_DIR)/Carthage/Build/iOS",
				);
				INFOPLIST_FILE = "$(TARGET_NAME)/Info.plist";
				LD_RUNPATH_SEARCH_PATHS = (
					"$(inherited)",
					"@executable_path/Frameworks",
					"@loader_path/Frameworks",
				);
				PRODUCT_BUNDLE_IDENTIFIER = "com.jjgp.$(TARGET_NAME)";
				PRODUCT_NAME = "$(TARGET_NAME)";
				SWIFT_VERSION = 4.2;
				TARGETED_DEVICE_FAMILY = "1,2";
				TEST_HOST = "$(BUILT_PRODUCTS_DIR)/ReddiX.app/ReddiX";
			};
			name = Release;
		};
		B75437EC2163039300F85B66 /* Debug */ = {
			isa = XCBuildConfiguration;
			buildSettings = {
				ALWAYS_EMBED_SWIFT_STANDARD_LIBRARIES = YES;
				ASSETCATALOG_COMPILER_APPICON_NAME = AppIcon;
				CODE_SIGN_STYLE = Automatic;
				DEVELOPMENT_TEAM = SZBVKVY4W2;
				IBSC_MODULE = Watch_Extension;
				INFOPLIST_FILE = Watch/Info.plist;
				PRODUCT_BUNDLE_IDENTIFIER = com.jjgp.ReddiX.watchkitapp;
				PRODUCT_NAME = "$(TARGET_NAME)";
				SDKROOT = watchos;
				SKIP_INSTALL = YES;
				SWIFT_VERSION = 4.2;
				TARGETED_DEVICE_FAMILY = 4;
				WATCHOS_DEPLOYMENT_TARGET = 5.0;
			};
			name = Debug;
		};
		B75437ED2163039300F85B66 /* Release */ = {
			isa = XCBuildConfiguration;
			buildSettings = {
				ALWAYS_EMBED_SWIFT_STANDARD_LIBRARIES = YES;
				ASSETCATALOG_COMPILER_APPICON_NAME = AppIcon;
				CODE_SIGN_STYLE = Automatic;
				DEVELOPMENT_TEAM = SZBVKVY4W2;
				IBSC_MODULE = Watch_Extension;
				INFOPLIST_FILE = Watch/Info.plist;
				PRODUCT_BUNDLE_IDENTIFIER = com.jjgp.ReddiX.watchkitapp;
				PRODUCT_NAME = "$(TARGET_NAME)";
				SDKROOT = watchos;
				SKIP_INSTALL = YES;
				SWIFT_VERSION = 4.2;
				TARGETED_DEVICE_FAMILY = 4;
				WATCHOS_DEPLOYMENT_TARGET = 5.0;
			};
			name = Release;
		};
		B75437EE2163039300F85B66 /* Debug */ = {
			isa = XCBuildConfiguration;
			buildSettings = {
				ASSETCATALOG_COMPILER_COMPLICATION_NAME = Complication;
				CODE_SIGN_STYLE = Automatic;
				DEVELOPMENT_TEAM = SZBVKVY4W2;
				FRAMEWORK_SEARCH_PATHS = (
					"$(inherited)",
					"$(PROJECT_DIR)/Carthage/Build/watchOS",
				);
				INFOPLIST_FILE = "Watch Extension/Info.plist";
				LD_RUNPATH_SEARCH_PATHS = (
					"$(inherited)",
					"@executable_path/Frameworks",
					"@executable_path/../../Frameworks",
				);
				PRODUCT_BUNDLE_IDENTIFIER = com.jjgp.ReddiX.watchkitapp.watchkitextension;
				PRODUCT_NAME = "${TARGET_NAME}";
				SDKROOT = watchos;
				SKIP_INSTALL = YES;
				SWIFT_VERSION = 4.2;
				TARGETED_DEVICE_FAMILY = 4;
				WATCHOS_DEPLOYMENT_TARGET = 5.0;
			};
			name = Debug;
		};
		B75437EF2163039300F85B66 /* Release */ = {
			isa = XCBuildConfiguration;
			buildSettings = {
				ASSETCATALOG_COMPILER_COMPLICATION_NAME = Complication;
				CODE_SIGN_STYLE = Automatic;
				DEVELOPMENT_TEAM = SZBVKVY4W2;
				FRAMEWORK_SEARCH_PATHS = (
					"$(inherited)",
					"$(PROJECT_DIR)/Carthage/Build/watchOS",
				);
				INFOPLIST_FILE = "Watch Extension/Info.plist";
				LD_RUNPATH_SEARCH_PATHS = (
					"$(inherited)",
					"@executable_path/Frameworks",
					"@executable_path/../../Frameworks",
				);
				PRODUCT_BUNDLE_IDENTIFIER = com.jjgp.ReddiX.watchkitapp.watchkitextension;
				PRODUCT_NAME = "${TARGET_NAME}";
				SDKROOT = watchos;
				SKIP_INSTALL = YES;
				SWIFT_VERSION = 4.2;
				TARGETED_DEVICE_FAMILY = 4;
				WATCHOS_DEPLOYMENT_TARGET = 5.0;
			};
			name = Release;
		};
		B7543805216303F600F85B66 /* Debug */ = {
			isa = XCBuildConfiguration;
			buildSettings = {
				APPLICATION_EXTENSION_API_ONLY = YES;
				CODE_SIGN_IDENTITY = "";
				CODE_SIGN_STYLE = Automatic;
				CURRENT_PROJECT_VERSION = 1;
				DEFINES_MODULE = YES;
				DEVELOPMENT_TEAM = SZBVKVY4W2;
				DYLIB_COMPATIBILITY_VERSION = 1;
				DYLIB_CURRENT_VERSION = 1;
				DYLIB_INSTALL_NAME_BASE = "@rpath";
				INFOPLIST_FILE = RAPI/Info.plist;
				INSTALL_PATH = "$(LOCAL_LIBRARY_DIR)/Frameworks";
				LD_RUNPATH_SEARCH_PATHS = (
					"$(inherited)",
					"@executable_path/Frameworks",
					"@loader_path/Frameworks",
				);
				PRODUCT_BUNDLE_IDENTIFIER = "com.jjgp.$(TARGET_NAME)";
				PRODUCT_NAME = RAPI;
				SDKROOT = watchos;
				SKIP_INSTALL = YES;
				SWIFT_VERSION = 4.2;
				TARGETED_DEVICE_FAMILY = 4;
				VERSIONING_SYSTEM = "apple-generic";
				VERSION_INFO_PREFIX = "";
				WATCHOS_DEPLOYMENT_TARGET = 5.0;
			};
			name = Debug;
		};
		B7543806216303F600F85B66 /* Release */ = {
			isa = XCBuildConfiguration;
			buildSettings = {
				APPLICATION_EXTENSION_API_ONLY = YES;
				CODE_SIGN_IDENTITY = "";
				CODE_SIGN_STYLE = Automatic;
				CURRENT_PROJECT_VERSION = 1;
				DEFINES_MODULE = YES;
				DEVELOPMENT_TEAM = SZBVKVY4W2;
				DYLIB_COMPATIBILITY_VERSION = 1;
				DYLIB_CURRENT_VERSION = 1;
				DYLIB_INSTALL_NAME_BASE = "@rpath";
				INFOPLIST_FILE = RAPI/Info.plist;
				INSTALL_PATH = "$(LOCAL_LIBRARY_DIR)/Frameworks";
				LD_RUNPATH_SEARCH_PATHS = (
					"$(inherited)",
					"@executable_path/Frameworks",
					"@loader_path/Frameworks",
				);
				PRODUCT_BUNDLE_IDENTIFIER = "com.jjgp.$(TARGET_NAME)";
				PRODUCT_NAME = RAPI;
				SDKROOT = watchos;
				SKIP_INSTALL = YES;
				SWIFT_VERSION = 4.2;
				TARGETED_DEVICE_FAMILY = 4;
				VERSIONING_SYSTEM = "apple-generic";
				VERSION_INFO_PREFIX = "";
				WATCHOS_DEPLOYMENT_TARGET = 5.0;
			};
			name = Release;
		};
		B754381D2163049C00F85B66 /* Debug */ = {
			isa = XCBuildConfiguration;
			buildSettings = {
				APPLICATION_EXTENSION_API_ONLY = YES;
				CODE_SIGN_IDENTITY = "";
				CODE_SIGN_STYLE = Automatic;
				CURRENT_PROJECT_VERSION = 1;
				DEFINES_MODULE = YES;
				DEVELOPMENT_TEAM = SZBVKVY4W2;
				DYLIB_COMPATIBILITY_VERSION = 1;
				DYLIB_CURRENT_VERSION = 1;
				DYLIB_INSTALL_NAME_BASE = "@rpath";
				FRAMEWORK_SEARCH_PATHS = (
					"$(inherited)",
					"$(PROJECT_DIR)/Carthage/Build/watchOS",
				);
				INFOPLIST_FILE = UNI/Info.plist;
				INSTALL_PATH = "$(LOCAL_LIBRARY_DIR)/Frameworks";
				LD_RUNPATH_SEARCH_PATHS = (
					"$(inherited)",
					"@executable_path/Frameworks",
					"@loader_path/Frameworks",
				);
				PRODUCT_BUNDLE_IDENTIFIER = "com.jjgp.$(TARGET_NAME)";
				PRODUCT_NAME = UNI;
				SDKROOT = watchos;
				SKIP_INSTALL = YES;
				SWIFT_VERSION = 4.2;
				TARGETED_DEVICE_FAMILY = 4;
				VERSIONING_SYSTEM = "apple-generic";
				VERSION_INFO_PREFIX = "";
				WATCHOS_DEPLOYMENT_TARGET = 5.0;
			};
			name = Debug;
		};
		B754381E2163049C00F85B66 /* Release */ = {
			isa = XCBuildConfiguration;
			buildSettings = {
				APPLICATION_EXTENSION_API_ONLY = YES;
				CODE_SIGN_IDENTITY = "";
				CODE_SIGN_STYLE = Automatic;
				CURRENT_PROJECT_VERSION = 1;
				DEFINES_MODULE = YES;
				DEVELOPMENT_TEAM = SZBVKVY4W2;
				DYLIB_COMPATIBILITY_VERSION = 1;
				DYLIB_CURRENT_VERSION = 1;
				DYLIB_INSTALL_NAME_BASE = "@rpath";
				FRAMEWORK_SEARCH_PATHS = (
					"$(inherited)",
					"$(PROJECT_DIR)/Carthage/Build/watchOS",
				);
				INFOPLIST_FILE = UNI/Info.plist;
				INSTALL_PATH = "$(LOCAL_LIBRARY_DIR)/Frameworks";
				LD_RUNPATH_SEARCH_PATHS = (
					"$(inherited)",
					"@executable_path/Frameworks",
					"@loader_path/Frameworks",
				);
				PRODUCT_BUNDLE_IDENTIFIER = "com.jjgp.$(TARGET_NAME)";
				PRODUCT_NAME = UNI;
				SDKROOT = watchos;
				SKIP_INSTALL = YES;
				SWIFT_VERSION = 4.2;
				TARGETED_DEVICE_FAMILY = 4;
				VERSIONING_SYSTEM = "apple-generic";
				VERSION_INFO_PREFIX = "";
				WATCHOS_DEPLOYMENT_TARGET = 5.0;
			};
			name = Release;
		};
/* End XCBuildConfiguration section */

/* Begin XCConfigurationList section */
		B71725D72160105000585459 /* Build configuration list for PBXProject "ReddiX" */ = {
			isa = XCConfigurationList;
			buildConfigurations = (
				B71725F72160105200585459 /* Debug */,
				B71725F82160105200585459 /* Release */,
			);
			defaultConfigurationIsVisible = 0;
			defaultConfigurationName = Release;
		};
		B71725F92160105200585459 /* Build configuration list for PBXNativeTarget "ReddiX" */ = {
			isa = XCConfigurationList;
			buildConfigurations = (
				B71725FA2160105200585459 /* Debug */,
				B71725FB2160105200585459 /* Release */,
			);
			defaultConfigurationIsVisible = 0;
			defaultConfigurationName = Release;
		};
		B71725FC2160105200585459 /* Build configuration list for PBXNativeTarget "ReddiXTests" */ = {
			isa = XCConfigurationList;
			buildConfigurations = (
				B71725FD2160105200585459 /* Debug */,
				B71725FE2160105200585459 /* Release */,
			);
			defaultConfigurationIsVisible = 0;
			defaultConfigurationName = Release;
		};
		B717262A2160FBE800585459 /* Build configuration list for PBXNativeTarget "RAPI" */ = {
			isa = XCConfigurationList;
			buildConfigurations = (
				B717262B2160FBE800585459 /* Debug */,
				B717262C2160FBE800585459 /* Release */,
			);
			defaultConfigurationIsVisible = 0;
			defaultConfigurationName = Release;
		};
		B717262E2160FBE800585459 /* Build configuration list for PBXNativeTarget "RAPITests" */ = {
			isa = XCConfigurationList;
			buildConfigurations = (
				B717262F2160FBE800585459 /* Debug */,
				B71726302160FBE800585459 /* Release */,
			);
			defaultConfigurationIsVisible = 0;
			defaultConfigurationName = Release;
		};
		B732BE79216169930020CD7F /* Build configuration list for PBXNativeTarget "UNI" */ = {
			isa = XCConfigurationList;
			buildConfigurations = (
				B732BE7A216169930020CD7F /* Debug */,
				B732BE7B216169930020CD7F /* Release */,
			);
			defaultConfigurationIsVisible = 0;
			defaultConfigurationName = Release;
		};
		B732BE7C216169930020CD7F /* Build configuration list for PBXNativeTarget "UNITests" */ = {
			isa = XCConfigurationList;
			buildConfigurations = (
				B732BE7D216169930020CD7F /* Debug */,
				B732BE7E216169930020CD7F /* Release */,
			);
			defaultConfigurationIsVisible = 0;
			defaultConfigurationName = Release;
		};
		B75437F02163039300F85B66 /* Build configuration list for PBXNativeTarget "Watch Extension" */ = {
			isa = XCConfigurationList;
			buildConfigurations = (
				B75437EE2163039300F85B66 /* Debug */,
				B75437EF2163039300F85B66 /* Release */,
			);
			defaultConfigurationIsVisible = 0;
			defaultConfigurationName = Release;
		};
		B75437F22163039300F85B66 /* Build configuration list for PBXNativeTarget "Watch" */ = {
			isa = XCConfigurationList;
			buildConfigurations = (
				B75437EC2163039300F85B66 /* Debug */,
				B75437ED2163039300F85B66 /* Release */,
			);
			defaultConfigurationIsVisible = 0;
			defaultConfigurationName = Release;
		};
		B7543804216303F600F85B66 /* Build configuration list for PBXNativeTarget "RAPI-watchOS" */ = {
			isa = XCConfigurationList;
			buildConfigurations = (
				B7543805216303F600F85B66 /* Debug */,
				B7543806216303F600F85B66 /* Release */,
			);
			defaultConfigurationIsVisible = 0;
			defaultConfigurationName = Release;
		};
		B754381C2163049C00F85B66 /* Build configuration list for PBXNativeTarget "UNI-watchOS" */ = {
			isa = XCConfigurationList;
			buildConfigurations = (
				B754381D2163049C00F85B66 /* Debug */,
				B754381E2163049C00F85B66 /* Release */,
			);
			defaultConfigurationIsVisible = 0;
			defaultConfigurationName = Release;
		};
/* End XCConfigurationList section */
	};
	rootObject = B71725D42160105000585459 /* Project object */;
}
